<?xml version="1.0" encoding="UTF-8"?>
<!DOCTYPE plist PUBLIC "-//Apple//DTD PLIST 1.0//EN" "http://www.apple.com/DTDs/PropertyList-1.0.dtd">
<plist version="1.0">
<dict>
	<key>archiveVersion</key>
	<string>1</string>
	<key>classes</key>
	<dict/>
	<key>objectVersion</key>
	<string>46</string>
	<key>objects</key>
	<dict>
		<key>1A44A8CF92AB420FB766F984</key>
		<dict>
			<key>explicitFileType</key>
			<string>archive.ar</string>
			<key>includeInIndex</key>
			<string>0</string>
			<key>isa</key>
			<string>PBXFileReference</string>
			<key>path</key>
			<string>libPods.a</string>
			<key>sourceTree</key>
			<string>BUILT_PRODUCTS_DIR</string>
		</dict>
		<key>20C6D3E70CD24E2C9852851C</key>
		<dict>
			<key>buildActionMask</key>
			<string>2147483647</string>
			<key>files</key>
			<array/>
			<key>inputPaths</key>
			<array/>
			<key>isa</key>
			<string>PBXShellScriptBuildPhase</string>
			<key>name</key>
			<string>Copy Pods Resources</string>
			<key>outputPaths</key>
			<array/>
			<key>runOnlyForDeploymentPostprocessing</key>
			<string>0</string>
			<key>shellPath</key>
			<string>/bin/sh</string>
			<key>shellScript</key>
			<string>"${SRCROOT}/Pods/Pods-resources.sh"
</string>
			<key>showEnvVarsInLog</key>
			<string>0</string>
		</dict>
		<key>3EA257A72B8B446AA8362101</key>
		<dict>
			<key>fileRef</key>
			<string>1A44A8CF92AB420FB766F984</string>
			<key>isa</key>
			<string>PBXBuildFile</string>
		</dict>
		<key>68C595531912DDCF00BB2AC6</key>
		<dict>
			<key>children</key>
			<array>
				<string>68C595541912DDCF00BB2AC6</string>
				<string>68C595611912DDCF00BB2AC6</string>
				<string>68C5956A1912DDCF00BB2AC6</string>
				<string>68C595781912DDCF00BB2AC6</string>
			</array>
			<key>isa</key>
			<string>PBXGroup</string>
			<key>name</key>
			<string>Classes</string>
			<key>path</key>
			<string>../../GTViewController/Classes</string>
			<key>sourceTree</key>
			<string>&lt;group&gt;</string>
		</dict>
		<key>68C595541912DDCF00BB2AC6</key>
		<dict>
			<key>children</key>
			<array>
				<string>68C595551912DDCF00BB2AC6</string>
				<string>68C595561912DDCF00BB2AC6</string>
				<string>68C595571912DDCF00BB2AC6</string>
				<string>68C595581912DDCF00BB2AC6</string>
				<string>68C595591912DDCF00BB2AC6</string>
				<string>68C5955A1912DDCF00BB2AC6</string>
				<string>68C5955B1912DDCF00BB2AC6</string>
				<string>68C5955C1912DDCF00BB2AC6</string>
				<string>68C5955D1912DDCF00BB2AC6</string>
				<string>68C5955E1912DDCF00BB2AC6</string>
				<string>68C5955F1912DDCF00BB2AC6</string>
				<string>68C595601912DDCF00BB2AC6</string>
				<string>68FEC61F192BDD1700FC21F2</string>
				<string>68FEC620192BDD1700FC21F2</string>
			</array>
			<key>isa</key>
			<string>PBXGroup</string>
			<key>path</key>
			<string>Custom Classes</string>
			<key>sourceTree</key>
			<string>&lt;group&gt;</string>
		</dict>
		<key>68C595551912DDCF00BB2AC6</key>
		<dict>
			<key>fileEncoding</key>
			<string>4</string>
			<key>isa</key>
			<string>PBXFileReference</string>
			<key>lastKnownFileType</key>
			<string>sourcecode.c.h</string>
			<key>path</key>
			<string>GTFileLoader.h</string>
			<key>sourceTree</key>
			<string>&lt;group&gt;</string>
		</dict>
		<key>68C595561912DDCF00BB2AC6</key>
		<dict>
			<key>fileEncoding</key>
			<string>4</string>
			<key>isa</key>
			<string>PBXFileReference</string>
			<key>lastKnownFileType</key>
			<string>sourcecode.c.objc</string>
			<key>path</key>
			<string>GTFileLoader.m</string>
			<key>sourceTree</key>
			<string>&lt;group&gt;</string>
		</dict>
		<key>68C595571912DDCF00BB2AC6</key>
		<dict>
			<key>fileEncoding</key>
			<string>4</string>
			<key>isa</key>
			<string>PBXFileReference</string>
			<key>lastKnownFileType</key>
			<string>sourcecode.c.h</string>
			<key>path</key>
			<string>SNInstructions.h</string>
			<key>sourceTree</key>
			<string>&lt;group&gt;</string>
		</dict>
		<key>68C595581912DDCF00BB2AC6</key>
		<dict>
			<key>fileEncoding</key>
			<string>4</string>
			<key>isa</key>
			<string>PBXFileReference</string>
			<key>lastKnownFileType</key>
			<string>sourcecode.c.objc</string>
			<key>path</key>
			<string>SNInstructions.m</string>
			<key>sourceTree</key>
			<string>&lt;group&gt;</string>
		</dict>
		<key>68C595591912DDCF00BB2AC6</key>
		<dict>
			<key>fileEncoding</key>
			<string>4</string>
			<key>isa</key>
			<string>PBXFileReference</string>
			<key>lastKnownFileType</key>
			<string>sourcecode.c.h</string>
			<key>path</key>
			<string>UIDisclosureIndicator.h</string>
			<key>sourceTree</key>
			<string>&lt;group&gt;</string>
		</dict>
		<key>68C5955A1912DDCF00BB2AC6</key>
		<dict>
			<key>fileEncoding</key>
			<string>4</string>
			<key>isa</key>
			<string>PBXFileReference</string>
			<key>lastKnownFileType</key>
			<string>sourcecode.c.objc</string>
			<key>path</key>
			<string>UIDisclosureIndicator.m</string>
			<key>sourceTree</key>
			<string>&lt;group&gt;</string>
		</dict>
		<key>68C5955B1912DDCF00BB2AC6</key>
		<dict>
			<key>fileEncoding</key>
			<string>4</string>
			<key>isa</key>
			<string>PBXFileReference</string>
			<key>lastKnownFileType</key>
			<string>sourcecode.c.h</string>
			<key>path</key>
			<string>UIRoundedView.h</string>
			<key>sourceTree</key>
			<string>&lt;group&gt;</string>
		</dict>
		<key>68C5955C1912DDCF00BB2AC6</key>
		<dict>
			<key>fileEncoding</key>
			<string>4</string>
			<key>isa</key>
			<string>PBXFileReference</string>
			<key>lastKnownFileType</key>
			<string>sourcecode.c.objc</string>
			<key>path</key>
			<string>UIRoundedView.m</string>
			<key>sourceTree</key>
			<string>&lt;group&gt;</string>
		</dict>
		<key>68C5955D1912DDCF00BB2AC6</key>
		<dict>
			<key>fileEncoding</key>
			<string>4</string>
			<key>isa</key>
			<string>PBXFileReference</string>
			<key>lastKnownFileType</key>
			<string>sourcecode.c.h</string>
			<key>path</key>
			<string>UISnuffleButton.h</string>
			<key>sourceTree</key>
			<string>&lt;group&gt;</string>
		</dict>
		<key>68C5955E1912DDCF00BB2AC6</key>
		<dict>
			<key>fileEncoding</key>
			<string>4</string>
			<key>isa</key>
			<string>PBXFileReference</string>
			<key>lastKnownFileType</key>
			<string>sourcecode.c.objc</string>
			<key>path</key>
			<string>UISnuffleButton.m</string>
			<key>sourceTree</key>
			<string>&lt;group&gt;</string>
		</dict>
		<key>68C5955F1912DDCF00BB2AC6</key>
		<dict>
			<key>fileEncoding</key>
			<string>4</string>
			<key>isa</key>
			<string>PBXFileReference</string>
			<key>lastKnownFileType</key>
			<string>sourcecode.c.h</string>
			<key>path</key>
			<string>UISnufflePanel.h</string>
			<key>sourceTree</key>
			<string>&lt;group&gt;</string>
		</dict>
		<key>68C595601912DDCF00BB2AC6</key>
		<dict>
			<key>fileEncoding</key>
			<string>4</string>
			<key>isa</key>
			<string>PBXFileReference</string>
			<key>lastKnownFileType</key>
			<string>sourcecode.c.objc</string>
			<key>path</key>
			<string>UISnufflePanel.m</string>
			<key>sourceTree</key>
			<string>&lt;group&gt;</string>
		</dict>
		<key>68C595611912DDCF00BB2AC6</key>
		<dict>
			<key>children</key>
			<array>
				<string>68C595621912DDCF00BB2AC6</string>
				<string>68C595631912DDCF00BB2AC6</string>
				<string>68C595641912DDCF00BB2AC6</string>
				<string>68C595651912DDCF00BB2AC6</string>
				<string>68C595661912DDCF00BB2AC6</string>
				<string>68C595671912DDCF00BB2AC6</string>
				<string>68C595681912DDCF00BB2AC6</string>
				<string>68C595691912DDCF00BB2AC6</string>
			</array>
			<key>isa</key>
			<string>PBXGroup</string>
			<key>path</key>
			<string>Nav Classes</string>
			<key>sourceTree</key>
			<string>&lt;group&gt;</string>
		</dict>
		<key>68C595621912DDCF00BB2AC6</key>
		<dict>
			<key>fileEncoding</key>
			<string>4</string>
			<key>isa</key>
			<string>PBXFileReference</string>
			<key>lastKnownFileType</key>
			<string>sourcecode.c.h</string>
			<key>path</key>
			<string>HorizontalGestureRecognizer.h</string>
			<key>sourceTree</key>
			<string>&lt;group&gt;</string>
		</dict>
		<key>68C595631912DDCF00BB2AC6</key>
		<dict>
			<key>fileEncoding</key>
			<string>4</string>
			<key>isa</key>
			<string>PBXFileReference</string>
			<key>lastKnownFileType</key>
			<string>sourcecode.c.objc</string>
			<key>path</key>
			<string>HorizontalGestureRecognizer.m</string>
			<key>sourceTree</key>
			<string>&lt;group&gt;</string>
		</dict>
		<key>68C595641912DDCF00BB2AC6</key>
		<dict>
			<key>fileEncoding</key>
			<string>4</string>
			<key>isa</key>
			<string>PBXFileReference</string>
			<key>lastKnownFileType</key>
			<string>sourcecode.c.h</string>
			<key>path</key>
			<string>GTPageMenuViewController.h</string>
			<key>sourceTree</key>
			<string>&lt;group&gt;</string>
		</dict>
		<key>68C595651912DDCF00BB2AC6</key>
		<dict>
			<key>fileEncoding</key>
			<string>4</string>
			<key>isa</key>
			<string>PBXFileReference</string>
			<key>lastKnownFileType</key>
			<string>sourcecode.c.objc</string>
			<key>path</key>
			<string>GTPageMenuViewController.m</string>
			<key>sourceTree</key>
			<string>&lt;group&gt;</string>
		</dict>
		<key>68C595661912DDCF00BB2AC6</key>
		<dict>
			<key>fileEncoding</key>
			<string>4</string>
			<key>isa</key>
			<string>PBXFileReference</string>
			<key>lastKnownFileType</key>
			<string>file.xib</string>
			<key>path</key>
			<string>GTPageMenuViewController.xib</string>
			<key>sourceTree</key>
			<string>&lt;group&gt;</string>
		</dict>
		<key>68C595671912DDCF00BB2AC6</key>
		<dict>
			<key>fileEncoding</key>
			<string>4</string>
			<key>isa</key>
			<string>PBXFileReference</string>
			<key>lastKnownFileType</key>
			<string>sourcecode.c.h</string>
			<key>path</key>
			<string>GTViewController.h</string>
			<key>sourceTree</key>
			<string>&lt;group&gt;</string>
		</dict>
		<key>68C595681912DDCF00BB2AC6</key>
		<dict>
			<key>fileEncoding</key>
			<string>4</string>
			<key>isa</key>
			<string>PBXFileReference</string>
			<key>lastKnownFileType</key>
			<string>sourcecode.c.objc</string>
			<key>path</key>
			<string>GTViewController.m</string>
			<key>sourceTree</key>
			<string>&lt;group&gt;</string>
		</dict>
		<key>68C595691912DDCF00BB2AC6</key>
		<dict>
			<key>fileEncoding</key>
			<string>4</string>
			<key>isa</key>
			<string>PBXFileReference</string>
			<key>lastKnownFileType</key>
			<string>file.xib</string>
			<key>path</key>
			<string>GTViewController.xib</string>
			<key>sourceTree</key>
			<string>&lt;group&gt;</string>
		</dict>
		<key>68C5956A1912DDCF00BB2AC6</key>
		<dict>
			<key>children</key>
			<array>
				<string>68C5956B1912DDCF00BB2AC6</string>
				<string>68C5956C1912DDCF00BB2AC6</string>
				<string>68C5956D1912DDCF00BB2AC6</string>
				<string>68C5956E1912DDCF00BB2AC6</string>
				<string>68C5956F1912DDCF00BB2AC6</string>
				<string>68C595701912DDCF00BB2AC6</string>
				<string>68C595711912DDCF00BB2AC6</string>
				<string>68C595721912DDCF00BB2AC6</string>
				<string>68C595731912DDCF00BB2AC6</string>
				<string>68C595741912DDCF00BB2AC6</string>
				<string>68C595751912DDCF00BB2AC6</string>
				<string>68C595761912DDCF00BB2AC6</string>
				<string>68C595771912DDCF00BB2AC6</string>
			</array>
			<key>isa</key>
			<string>PBXGroup</string>
			<key>path</key>
			<string>Parsing Classes</string>
			<key>sourceTree</key>
			<string>&lt;group&gt;</string>
		</dict>
		<key>68C5956B1912DDCF00BB2AC6</key>
		<dict>
			<key>fileEncoding</key>
			<string>4</string>
			<key>isa</key>
			<string>PBXFileReference</string>
			<key>lastKnownFileType</key>
			<string>sourcecode.c.h</string>
			<key>path</key>
			<string>GTAboutViewController.h</string>
			<key>sourceTree</key>
			<string>&lt;group&gt;</string>
		</dict>
		<key>68C5956C1912DDCF00BB2AC6</key>
		<dict>
			<key>fileEncoding</key>
			<string>4</string>
			<key>isa</key>
			<string>PBXFileReference</string>
			<key>lastKnownFileType</key>
			<string>sourcecode.c.objc</string>
			<key>path</key>
			<string>GTAboutViewController.m</string>
			<key>sourceTree</key>
			<string>&lt;group&gt;</string>
		</dict>
		<key>68C5956D1912DDCF00BB2AC6</key>
		<dict>
			<key>fileEncoding</key>
			<string>4</string>
			<key>isa</key>
			<string>PBXFileReference</string>
			<key>lastKnownFileType</key>
			<string>file.xib</string>
			<key>path</key>
			<string>GTAboutViewController.xib</string>
			<key>sourceTree</key>
			<string>&lt;group&gt;</string>
		</dict>
		<key>68C5956E1912DDCF00BB2AC6</key>
		<dict>
			<key>fileEncoding</key>
			<string>4</string>
			<key>isa</key>
			<string>PBXFileReference</string>
			<key>lastKnownFileType</key>
			<string>sourcecode.c.h</string>
			<key>path</key>
			<string>GTInterpreter+init.h</string>
			<key>sourceTree</key>
			<string>&lt;group&gt;</string>
		</dict>
		<key>68C5956F1912DDCF00BB2AC6</key>
		<dict>
			<key>fileEncoding</key>
			<string>4</string>
			<key>isa</key>
			<string>PBXFileReference</string>
			<key>lastKnownFileType</key>
			<string>sourcecode.c.h</string>
			<key>path</key>
			<string>GTInterpreter.h</string>
			<key>sourceTree</key>
			<string>&lt;group&gt;</string>
		</dict>
		<key>68C595701912DDCF00BB2AC6</key>
		<dict>
			<key>fileEncoding</key>
			<string>4</string>
			<key>isa</key>
			<string>PBXFileReference</string>
			<key>lastKnownFileType</key>
			<string>sourcecode.c.objc</string>
			<key>path</key>
			<string>GTInterpreter.m</string>
			<key>sourceTree</key>
			<string>&lt;group&gt;</string>
		</dict>
		<key>68C595711912DDCF00BB2AC6</key>
		<dict>
			<key>fileEncoding</key>
			<string>4</string>
			<key>isa</key>
			<string>PBXFileReference</string>
			<key>lastKnownFileType</key>
			<string>sourcecode.c.h</string>
			<key>path</key>
			<string>GTPage.h</string>
			<key>sourceTree</key>
			<string>&lt;group&gt;</string>
		</dict>
		<key>68C595721912DDCF00BB2AC6</key>
		<dict>
			<key>fileEncoding</key>
			<string>4</string>
			<key>isa</key>
			<string>PBXFileReference</string>
			<key>lastKnownFileType</key>
			<string>sourcecode.c.objc</string>
			<key>path</key>
			<string>GTPage.m</string>
			<key>sourceTree</key>
			<string>&lt;group&gt;</string>
		</dict>
		<key>68C595731912DDCF00BB2AC6</key>
		<dict>
			<key>fileEncoding</key>
			<string>4</string>
			<key>isa</key>
			<string>PBXFileReference</string>
			<key>lastKnownFileType</key>
			<string>file.xib</string>
			<key>path</key>
			<string>GTPage.xib</string>
			<key>sourceTree</key>
			<string>&lt;group&gt;</string>
		</dict>
		<key>68C595741912DDCF00BB2AC6</key>
		<dict>
			<key>fileEncoding</key>
			<string>4</string>
			<key>isa</key>
			<string>PBXFileReference</string>
			<key>lastKnownFileType</key>
			<string>sourcecode.c.h</string>
			<key>path</key>
			<string>GTPageInterpreter.h</string>
			<key>sourceTree</key>
			<string>&lt;group&gt;</string>
		</dict>
		<key>68C595751912DDCF00BB2AC6</key>
		<dict>
			<key>fileEncoding</key>
			<string>4</string>
			<key>isa</key>
			<string>PBXFileReference</string>
			<key>lastKnownFileType</key>
			<string>sourcecode.c.objc</string>
			<key>path</key>
			<string>GTPageInterpreter.m</string>
			<key>sourceTree</key>
			<string>&lt;group&gt;</string>
		</dict>
		<key>68C595761912DDCF00BB2AC6</key>
		<dict>
			<key>fileEncoding</key>
			<string>4</string>
			<key>isa</key>
			<string>PBXFileReference</string>
			<key>lastKnownFileType</key>
			<string>sourcecode.c.h</string>
			<key>path</key>
			<string>GTPageInterpreterAmharic.h</string>
			<key>sourceTree</key>
			<string>&lt;group&gt;</string>
		</dict>
		<key>68C595771912DDCF00BB2AC6</key>
		<dict>
			<key>fileEncoding</key>
			<string>4</string>
			<key>isa</key>
			<string>PBXFileReference</string>
			<key>lastKnownFileType</key>
			<string>sourcecode.c.objc</string>
			<key>path</key>
			<string>GTPageInterpreterAmharic.m</string>
			<key>sourceTree</key>
			<string>&lt;group&gt;</string>
		</dict>
		<key>68C595781912DDCF00BB2AC6</key>
		<dict>
			<key>children</key>
			<array>
				<string>68C595791912DDCF00BB2AC6</string>
				<string>68C5957A1912DDCF00BB2AC6</string>
				<string>68C5957B1912DDCF00BB2AC6</string>
				<string>68C5957C1912DDCF00BB2AC6</string>
			</array>
			<key>isa</key>
			<string>PBXGroup</string>
			<key>path</key>
			<string>TBXML</string>
			<key>sourceTree</key>
			<string>&lt;group&gt;</string>
		</dict>
		<key>68C595791912DDCF00BB2AC6</key>
		<dict>
			<key>fileEncoding</key>
			<string>4</string>
			<key>isa</key>
			<string>PBXFileReference</string>
			<key>lastKnownFileType</key>
			<string>sourcecode.c.h</string>
			<key>path</key>
			<string>NSDataAdditions.h</string>
			<key>sourceTree</key>
			<string>&lt;group&gt;</string>
		</dict>
		<key>68C5957A1912DDCF00BB2AC6</key>
		<dict>
			<key>fileEncoding</key>
			<string>4</string>
			<key>isa</key>
			<string>PBXFileReference</string>
			<key>lastKnownFileType</key>
			<string>sourcecode.c.objc</string>
			<key>path</key>
			<string>NSDataAdditions.m</string>
			<key>sourceTree</key>
			<string>&lt;group&gt;</string>
		</dict>
		<key>68C5957B1912DDCF00BB2AC6</key>
		<dict>
			<key>fileEncoding</key>
			<string>4</string>
			<key>isa</key>
			<string>PBXFileReference</string>
			<key>lastKnownFileType</key>
			<string>sourcecode.c.h</string>
			<key>path</key>
			<string>TBXML.h</string>
			<key>sourceTree</key>
			<string>&lt;group&gt;</string>
		</dict>
		<key>68C5957C1912DDCF00BB2AC6</key>
		<dict>
			<key>fileEncoding</key>
			<string>4</string>
			<key>isa</key>
			<string>PBXFileReference</string>
			<key>lastKnownFileType</key>
			<string>sourcecode.c.objc</string>
			<key>path</key>
			<string>TBXML.m</string>
			<key>sourceTree</key>
			<string>&lt;group&gt;</string>
		</dict>
		<key>68C5957D1912DDCF00BB2AC6</key>
		<dict>
			<key>children</key>
			<array>
				<string>68C5957E1912DDCF00BB2AC6</string>
				<string>68C5957F1912DDCF00BB2AC6</string>
			</array>
			<key>isa</key>
			<string>PBXGroup</string>
			<key>name</key>
			<string>Headers</string>
			<key>path</key>
			<string>../../GTViewController/Headers</string>
			<key>sourceTree</key>
			<string>&lt;group&gt;</string>
		</dict>
		<key>68C5957E1912DDCF00BB2AC6</key>
		<dict>
			<key>fileEncoding</key>
			<string>4</string>
			<key>isa</key>
			<string>PBXFileReference</string>
			<key>lastKnownFileType</key>
			<string>sourcecode.c.h</string>
			<key>path</key>
			<string>GTTrackerNotifications.h</string>
			<key>sourceTree</key>
			<string>&lt;group&gt;</string>
		</dict>
		<key>68C5957F1912DDCF00BB2AC6</key>
		<dict>
			<key>fileEncoding</key>
			<string>4</string>
			<key>isa</key>
			<string>PBXFileReference</string>
			<key>lastKnownFileType</key>
			<string>sourcecode.c.h</string>
			<key>path</key>
			<string>snuffyViewControllerTouchNotifications.h</string>
			<key>sourceTree</key>
			<string>&lt;group&gt;</string>
		</dict>
		<key>68C595801912DDCF00BB2AC6</key>
		<dict>
			<key>children</key>
			<array>
				<string>68C595811912DDCF00BB2AC6</string>
				<string>68C595821912DDCF00BB2AC6</string>
				<string>68C595831912DDCF00BB2AC6</string>
				<string>68C595841912DDCF00BB2AC6</string>
				<string>68C595F519131A2900BB2AC6</string>
				<string>68C595F619131A2900BB2AC6</string>
				<string>68C595F719131A2900BB2AC6</string>
				<string>68C595F819131A2A00BB2AC6</string>
				<string>68C595F919131A2A00BB2AC6</string>
				<string>68C595FA19131A2A00BB2AC6</string>
				<string>68C595FB19131A2A00BB2AC6</string>
				<string>68C595FC19131A2A00BB2AC6</string>
				<string>68C595FD19131A2A00BB2AC6</string>
				<string>68C595FE19131A2A00BB2AC6</string>
				<string>68C595FF19131A2A00BB2AC6</string>
				<string>68C5960019131A2A00BB2AC6</string>
				<string>68C5960119131A2A00BB2AC6</string>
				<string>68C5960219131A2A00BB2AC6</string>
				<string>68C5960319131A2A00BB2AC6</string>
				<string>68C595851912DDCF00BB2AC6</string>
				<string>68C595861912DDCF00BB2AC6</string>
				<string>68C595871912DDCF00BB2AC6</string>
				<string>68C595881912DDCF00BB2AC6</string>
				<string>68C595891912DDCF00BB2AC6</string>
				<string>68C5958A1912DDCF00BB2AC6</string>
				<string>68C5958B1912DDCF00BB2AC6</string>
				<string>68C5958C1912DDCF00BB2AC6</string>
				<string>68C5958D1912DDCF00BB2AC6</string>
				<string>68C5958E1912DDCF00BB2AC6</string>
				<string>68C5958F1912DDCF00BB2AC6</string>
				<string>68C595901912DDCF00BB2AC6</string>
				<string>68C595911912DDCF00BB2AC6</string>
				<string>68C595921912DDCF00BB2AC6</string>
				<string>68C595931912DDCF00BB2AC6</string>
				<string>68C595941912DDCF00BB2AC6</string>
				<string>68C595951912DDCF00BB2AC6</string>
			</array>
			<key>isa</key>
			<string>PBXGroup</string>
			<key>name</key>
			<string>Resources</string>
			<key>path</key>
			<string>../../GTViewController/Resources</string>
			<key>sourceTree</key>
			<string>&lt;group&gt;</string>
		</dict>
		<key>68C595811912DDCF00BB2AC6</key>
		<dict>
			<key>isa</key>
			<string>PBXFileReference</string>
			<key>lastKnownFileType</key>
			<string>file</string>
			<key>path</key>
			<string>AbyssinicaSIL-R.ttf</string>
			<key>sourceTree</key>
			<string>&lt;group&gt;</string>
		</dict>
		<key>68C595821912DDCF00BB2AC6</key>
		<dict>
			<key>isa</key>
			<string>PBXFileReference</string>
			<key>lastKnownFileType</key>
			<string>image.png</string>
			<key>path</key>
			<string>arrow.png</string>
			<key>sourceTree</key>
			<string>&lt;group&gt;</string>
		</dict>
		<key>68C595831912DDCF00BB2AC6</key>
		<dict>
			<key>isa</key>
			<string>PBXFileReference</string>
			<key>lastKnownFileType</key>
			<string>image.png</string>
			<key>path</key>
			<string>arrow@2x.png</string>
			<key>sourceTree</key>
			<string>&lt;group&gt;</string>
		</dict>
		<key>68C595841912DDCF00BB2AC6</key>
		<dict>
			<key>isa</key>
			<string>PBXFileReference</string>
			<key>lastKnownFileType</key>
			<string>audio.mp3</string>
			<key>path</key>
			<string>fiftytap.mp3</string>
			<key>sourceTree</key>
			<string>&lt;group&gt;</string>
		</dict>
		<key>68C595851912DDCF00BB2AC6</key>
		<dict>
			<key>isa</key>
			<string>PBXFileReference</string>
			<key>lastKnownFileType</key>
			<string>image.png</string>
			<key>path</key>
			<string>GTInstructions_Hand_Pointer.png</string>
			<key>sourceTree</key>
			<string>&lt;group&gt;</string>
		</dict>
		<key>68C595861912DDCF00BB2AC6</key>
		<dict>
			<key>isa</key>
			<string>PBXFileReference</string>
			<key>lastKnownFileType</key>
			<string>image.png</string>
			<key>path</key>
			<string>GTInstructions_Hand_Pointer@2x.png</string>
			<key>sourceTree</key>
			<string>&lt;group&gt;</string>
		</dict>
		<key>68C595871912DDCF00BB2AC6</key>
		<dict>
			<key>isa</key>
			<string>PBXFileReference</string>
			<key>lastKnownFileType</key>
			<string>image.png</string>
			<key>path</key>
			<string>GTInstructions_Hand_Pointer_Shadow.png</string>
			<key>sourceTree</key>
			<string>&lt;group&gt;</string>
		</dict>
		<key>68C595881912DDCF00BB2AC6</key>
		<dict>
			<key>isa</key>
			<string>PBXFileReference</string>
			<key>lastKnownFileType</key>
			<string>image.png</string>
			<key>path</key>
			<string>GTInstructions_Hand_Pointer_Shadow@2x.png</string>
			<key>sourceTree</key>
			<string>&lt;group&gt;</string>
		</dict>
		<key>68C595891912DDCF00BB2AC6</key>
		<dict>
			<key>isa</key>
			<string>PBXFileReference</string>
			<key>lastKnownFileType</key>
			<string>image.png</string>
			<key>path</key>
			<string>GTInstructions_Hand_Pointer_Tap_Circle.png</string>
			<key>sourceTree</key>
			<string>&lt;group&gt;</string>
		</dict>
		<key>68C5958A1912DDCF00BB2AC6</key>
		<dict>
			<key>isa</key>
			<string>PBXFileReference</string>
			<key>lastKnownFileType</key>
			<string>file</string>
			<key>path</key>
			<string>NotoSansEthiopic-Bold.ttf</string>
			<key>sourceTree</key>
			<string>&lt;group&gt;</string>
		</dict>
		<key>68C5958B1912DDCF00BB2AC6</key>
		<dict>
			<key>isa</key>
			<string>PBXFileReference</string>
			<key>lastKnownFileType</key>
			<string>file</string>
			<key>path</key>
			<string>NotoSansEthiopic-Regular.ttf</string>
			<key>sourceTree</key>
			<string>&lt;group&gt;</string>
		</dict>
		<key>68C5958C1912DDCF00BB2AC6</key>
		<dict>
			<key>isa</key>
			<string>PBXFileReference</string>
			<key>lastKnownFileType</key>
			<string>image.png</string>
			<key>path</key>
			<string>Package_PopUpToolBar_Icon_Export.png</string>
			<key>sourceTree</key>
			<string>&lt;group&gt;</string>
		</dict>
		<key>68C5958D1912DDCF00BB2AC6</key>
		<dict>
			<key>isa</key>
			<string>PBXFileReference</string>
			<key>lastKnownFileType</key>
			<string>image.png</string>
			<key>path</key>
			<string>Package_PopUpToolBar_Icon_Export@2x.png</string>
			<key>sourceTree</key>
			<string>&lt;group&gt;</string>
		</dict>
		<key>68C5958E1912DDCF00BB2AC6</key>
		<dict>
			<key>isa</key>
			<string>PBXFileReference</string>
			<key>lastKnownFileType</key>
			<string>image.png</string>
			<key>path</key>
			<string>Package_PopUpToolBar_Icon_Help.png</string>
			<key>sourceTree</key>
			<string>&lt;group&gt;</string>
		</dict>
		<key>68C5958F1912DDCF00BB2AC6</key>
		<dict>
			<key>isa</key>
			<string>PBXFileReference</string>
			<key>lastKnownFileType</key>
			<string>image.png</string>
			<key>path</key>
			<string>Package_PopUpToolBar_Icon_Help@2x.png</string>
			<key>sourceTree</key>
			<string>&lt;group&gt;</string>
		</dict>
		<key>68C595901912DDCF00BB2AC6</key>
		<dict>
			<key>isa</key>
			<string>PBXFileReference</string>
			<key>lastKnownFileType</key>
			<string>image.png</string>
			<key>path</key>
			<string>Package_PopUpToolBar_Icon_Info.png</string>
			<key>sourceTree</key>
			<string>&lt;group&gt;</string>
		</dict>
		<key>68C595911912DDCF00BB2AC6</key>
		<dict>
			<key>isa</key>
			<string>PBXFileReference</string>
			<key>lastKnownFileType</key>
			<string>image.png</string>
			<key>path</key>
			<string>Package_PopUpToolBar_Icon_Info@2x.png</string>
			<key>sourceTree</key>
			<string>&lt;group&gt;</string>
		</dict>
		<key>68C595921912DDCF00BB2AC6</key>
		<dict>
			<key>isa</key>
			<string>PBXFileReference</string>
			<key>lastKnownFileType</key>
			<string>image.png</string>
			<key>path</key>
			<string>Package_PopUpToolBar_Icon_Menu.png</string>
			<key>sourceTree</key>
			<string>&lt;group&gt;</string>
		</dict>
		<key>68C595931912DDCF00BB2AC6</key>
		<dict>
			<key>isa</key>
			<string>PBXFileReference</string>
			<key>lastKnownFileType</key>
			<string>image.png</string>
			<key>path</key>
			<string>Package_PopUpToolBar_Icon_Menu@2x.png</string>
			<key>sourceTree</key>
			<string>&lt;group&gt;</string>
		</dict>
		<key>68C595941912DDCF00BB2AC6</key>
		<dict>
			<key>isa</key>
			<string>PBXFileReference</string>
			<key>lastKnownFileType</key>
			<string>image.png</string>
			<key>path</key>
			<string>Package_PopUpToolBar_Icon_Switch.png</string>
			<key>sourceTree</key>
			<string>&lt;group&gt;</string>
		</dict>
		<key>68C595951912DDCF00BB2AC6</key>
		<dict>
			<key>isa</key>
			<string>PBXFileReference</string>
			<key>lastKnownFileType</key>
			<string>image.png</string>
			<key>path</key>
			<string>Package_PopUpToolBar_Icon_Switch@2x.png</string>
			<key>sourceTree</key>
			<string>&lt;group&gt;</string>
		</dict>
		<key>68C595961912DDCF00BB2AC6</key>
		<dict>
			<key>fileRef</key>
			<string>68C595561912DDCF00BB2AC6</string>
			<key>isa</key>
			<string>PBXBuildFile</string>
		</dict>
		<key>68C595971912DDCF00BB2AC6</key>
		<dict>
			<key>fileRef</key>
			<string>68C595561912DDCF00BB2AC6</string>
			<key>isa</key>
			<string>PBXBuildFile</string>
		</dict>
		<key>68C595981912DDCF00BB2AC6</key>
		<dict>
			<key>fileRef</key>
			<string>68C595581912DDCF00BB2AC6</string>
			<key>isa</key>
			<string>PBXBuildFile</string>
		</dict>
		<key>68C595991912DDCF00BB2AC6</key>
		<dict>
			<key>fileRef</key>
			<string>68C595581912DDCF00BB2AC6</string>
			<key>isa</key>
			<string>PBXBuildFile</string>
		</dict>
		<key>68C5959A1912DDCF00BB2AC6</key>
		<dict>
			<key>fileRef</key>
			<string>68C5955A1912DDCF00BB2AC6</string>
			<key>isa</key>
			<string>PBXBuildFile</string>
		</dict>
		<key>68C5959B1912DDCF00BB2AC6</key>
		<dict>
			<key>fileRef</key>
			<string>68C5955A1912DDCF00BB2AC6</string>
			<key>isa</key>
			<string>PBXBuildFile</string>
		</dict>
		<key>68C5959C1912DDCF00BB2AC6</key>
		<dict>
			<key>fileRef</key>
			<string>68C5955C1912DDCF00BB2AC6</string>
			<key>isa</key>
			<string>PBXBuildFile</string>
		</dict>
		<key>68C5959D1912DDCF00BB2AC6</key>
		<dict>
			<key>fileRef</key>
			<string>68C5955C1912DDCF00BB2AC6</string>
			<key>isa</key>
			<string>PBXBuildFile</string>
		</dict>
		<key>68C5959E1912DDCF00BB2AC6</key>
		<dict>
			<key>fileRef</key>
			<string>68C5955E1912DDCF00BB2AC6</string>
			<key>isa</key>
			<string>PBXBuildFile</string>
		</dict>
		<key>68C5959F1912DDCF00BB2AC6</key>
		<dict>
			<key>fileRef</key>
			<string>68C5955E1912DDCF00BB2AC6</string>
			<key>isa</key>
			<string>PBXBuildFile</string>
		</dict>
		<key>68C595A01912DDCF00BB2AC6</key>
		<dict>
			<key>fileRef</key>
			<string>68C595601912DDCF00BB2AC6</string>
			<key>isa</key>
			<string>PBXBuildFile</string>
		</dict>
		<key>68C595A11912DDCF00BB2AC6</key>
		<dict>
			<key>fileRef</key>
			<string>68C595601912DDCF00BB2AC6</string>
			<key>isa</key>
			<string>PBXBuildFile</string>
		</dict>
		<key>68C595A21912DDCF00BB2AC6</key>
		<dict>
			<key>fileRef</key>
			<string>68C595631912DDCF00BB2AC6</string>
			<key>isa</key>
			<string>PBXBuildFile</string>
		</dict>
		<key>68C595A31912DDCF00BB2AC6</key>
		<dict>
			<key>fileRef</key>
			<string>68C595631912DDCF00BB2AC6</string>
			<key>isa</key>
			<string>PBXBuildFile</string>
		</dict>
		<key>68C595A41912DDCF00BB2AC6</key>
		<dict>
			<key>fileRef</key>
			<string>68C595651912DDCF00BB2AC6</string>
			<key>isa</key>
			<string>PBXBuildFile</string>
		</dict>
		<key>68C595A51912DDCF00BB2AC6</key>
		<dict>
			<key>fileRef</key>
			<string>68C595651912DDCF00BB2AC6</string>
			<key>isa</key>
			<string>PBXBuildFile</string>
		</dict>
		<key>68C595A61912DDCF00BB2AC6</key>
		<dict>
			<key>fileRef</key>
			<string>68C595661912DDCF00BB2AC6</string>
			<key>isa</key>
			<string>PBXBuildFile</string>
		</dict>
		<key>68C595A71912DDCF00BB2AC6</key>
		<dict>
			<key>fileRef</key>
			<string>68C595661912DDCF00BB2AC6</string>
			<key>isa</key>
			<string>PBXBuildFile</string>
		</dict>
		<key>68C595A81912DDCF00BB2AC6</key>
		<dict>
			<key>fileRef</key>
			<string>68C595681912DDCF00BB2AC6</string>
			<key>isa</key>
			<string>PBXBuildFile</string>
		</dict>
		<key>68C595A91912DDCF00BB2AC6</key>
		<dict>
			<key>fileRef</key>
			<string>68C595681912DDCF00BB2AC6</string>
			<key>isa</key>
			<string>PBXBuildFile</string>
		</dict>
		<key>68C595AA1912DDCF00BB2AC6</key>
		<dict>
			<key>fileRef</key>
			<string>68C595691912DDCF00BB2AC6</string>
			<key>isa</key>
			<string>PBXBuildFile</string>
		</dict>
		<key>68C595AB1912DDCF00BB2AC6</key>
		<dict>
			<key>fileRef</key>
			<string>68C595691912DDCF00BB2AC6</string>
			<key>isa</key>
			<string>PBXBuildFile</string>
		</dict>
		<key>68C595AC1912DDCF00BB2AC6</key>
		<dict>
			<key>fileRef</key>
			<string>68C5956C1912DDCF00BB2AC6</string>
			<key>isa</key>
			<string>PBXBuildFile</string>
		</dict>
		<key>68C595AD1912DDCF00BB2AC6</key>
		<dict>
			<key>fileRef</key>
			<string>68C5956C1912DDCF00BB2AC6</string>
			<key>isa</key>
			<string>PBXBuildFile</string>
		</dict>
		<key>68C595AE1912DDCF00BB2AC6</key>
		<dict>
			<key>fileRef</key>
			<string>68C5956D1912DDCF00BB2AC6</string>
			<key>isa</key>
			<string>PBXBuildFile</string>
		</dict>
		<key>68C595AF1912DDCF00BB2AC6</key>
		<dict>
			<key>fileRef</key>
			<string>68C5956D1912DDCF00BB2AC6</string>
			<key>isa</key>
			<string>PBXBuildFile</string>
		</dict>
		<key>68C595B01912DDCF00BB2AC6</key>
		<dict>
			<key>fileRef</key>
			<string>68C595701912DDCF00BB2AC6</string>
			<key>isa</key>
			<string>PBXBuildFile</string>
		</dict>
		<key>68C595B11912DDCF00BB2AC6</key>
		<dict>
			<key>fileRef</key>
			<string>68C595701912DDCF00BB2AC6</string>
			<key>isa</key>
			<string>PBXBuildFile</string>
		</dict>
		<key>68C595B21912DDCF00BB2AC6</key>
		<dict>
			<key>fileRef</key>
			<string>68C595721912DDCF00BB2AC6</string>
			<key>isa</key>
			<string>PBXBuildFile</string>
		</dict>
		<key>68C595B31912DDCF00BB2AC6</key>
		<dict>
			<key>fileRef</key>
			<string>68C595721912DDCF00BB2AC6</string>
			<key>isa</key>
			<string>PBXBuildFile</string>
		</dict>
		<key>68C595B41912DDCF00BB2AC6</key>
		<dict>
			<key>fileRef</key>
			<string>68C595731912DDCF00BB2AC6</string>
			<key>isa</key>
			<string>PBXBuildFile</string>
		</dict>
		<key>68C595B51912DDCF00BB2AC6</key>
		<dict>
			<key>fileRef</key>
			<string>68C595731912DDCF00BB2AC6</string>
			<key>isa</key>
			<string>PBXBuildFile</string>
		</dict>
		<key>68C595B61912DDCF00BB2AC6</key>
		<dict>
			<key>fileRef</key>
			<string>68C595751912DDCF00BB2AC6</string>
			<key>isa</key>
			<string>PBXBuildFile</string>
		</dict>
		<key>68C595B71912DDCF00BB2AC6</key>
		<dict>
			<key>fileRef</key>
			<string>68C595751912DDCF00BB2AC6</string>
			<key>isa</key>
			<string>PBXBuildFile</string>
		</dict>
		<key>68C595B81912DDCF00BB2AC6</key>
		<dict>
			<key>fileRef</key>
			<string>68C595771912DDCF00BB2AC6</string>
			<key>isa</key>
			<string>PBXBuildFile</string>
		</dict>
		<key>68C595B91912DDCF00BB2AC6</key>
		<dict>
			<key>fileRef</key>
			<string>68C595771912DDCF00BB2AC6</string>
			<key>isa</key>
			<string>PBXBuildFile</string>
		</dict>
		<key>68C595BA1912DDCF00BB2AC6</key>
		<dict>
			<key>fileRef</key>
			<string>68C5957A1912DDCF00BB2AC6</string>
			<key>isa</key>
			<string>PBXBuildFile</string>
		</dict>
		<key>68C595BB1912DDCF00BB2AC6</key>
		<dict>
			<key>fileRef</key>
			<string>68C5957A1912DDCF00BB2AC6</string>
			<key>isa</key>
			<string>PBXBuildFile</string>
		</dict>
		<key>68C595BC1912DDCF00BB2AC6</key>
		<dict>
			<key>fileRef</key>
			<string>68C5957C1912DDCF00BB2AC6</string>
			<key>isa</key>
			<string>PBXBuildFile</string>
		</dict>
		<key>68C595BD1912DDCF00BB2AC6</key>
		<dict>
			<key>fileRef</key>
			<string>68C5957C1912DDCF00BB2AC6</string>
			<key>isa</key>
			<string>PBXBuildFile</string>
		</dict>
		<key>68C595BE1912DDCF00BB2AC6</key>
		<dict>
			<key>fileRef</key>
			<string>68C595811912DDCF00BB2AC6</string>
			<key>isa</key>
			<string>PBXBuildFile</string>
		</dict>
		<key>68C595BF1912DDCF00BB2AC6</key>
		<dict>
			<key>fileRef</key>
			<string>68C595811912DDCF00BB2AC6</string>
			<key>isa</key>
			<string>PBXBuildFile</string>
		</dict>
		<key>68C595C01912DDCF00BB2AC6</key>
		<dict>
			<key>fileRef</key>
			<string>68C595821912DDCF00BB2AC6</string>
			<key>isa</key>
			<string>PBXBuildFile</string>
		</dict>
		<key>68C595C11912DDCF00BB2AC6</key>
		<dict>
			<key>fileRef</key>
			<string>68C595821912DDCF00BB2AC6</string>
			<key>isa</key>
			<string>PBXBuildFile</string>
		</dict>
		<key>68C595C21912DDCF00BB2AC6</key>
		<dict>
			<key>fileRef</key>
			<string>68C595831912DDCF00BB2AC6</string>
			<key>isa</key>
			<string>PBXBuildFile</string>
		</dict>
		<key>68C595C31912DDCF00BB2AC6</key>
		<dict>
			<key>fileRef</key>
			<string>68C595831912DDCF00BB2AC6</string>
			<key>isa</key>
			<string>PBXBuildFile</string>
		</dict>
		<key>68C595C41912DDCF00BB2AC6</key>
		<dict>
			<key>fileRef</key>
			<string>68C595841912DDCF00BB2AC6</string>
			<key>isa</key>
			<string>PBXBuildFile</string>
		</dict>
		<key>68C595C51912DDCF00BB2AC6</key>
		<dict>
			<key>fileRef</key>
			<string>68C595841912DDCF00BB2AC6</string>
			<key>isa</key>
			<string>PBXBuildFile</string>
		</dict>
		<key>68C595C61912DDCF00BB2AC6</key>
		<dict>
			<key>fileRef</key>
			<string>68C595851912DDCF00BB2AC6</string>
			<key>isa</key>
			<string>PBXBuildFile</string>
		</dict>
		<key>68C595C71912DDCF00BB2AC6</key>
		<dict>
			<key>fileRef</key>
			<string>68C595851912DDCF00BB2AC6</string>
			<key>isa</key>
			<string>PBXBuildFile</string>
		</dict>
		<key>68C595C81912DDCF00BB2AC6</key>
		<dict>
			<key>fileRef</key>
			<string>68C595861912DDCF00BB2AC6</string>
			<key>isa</key>
			<string>PBXBuildFile</string>
		</dict>
		<key>68C595C91912DDCF00BB2AC6</key>
		<dict>
			<key>fileRef</key>
			<string>68C595861912DDCF00BB2AC6</string>
			<key>isa</key>
			<string>PBXBuildFile</string>
		</dict>
		<key>68C595CA1912DDCF00BB2AC6</key>
		<dict>
			<key>fileRef</key>
			<string>68C595871912DDCF00BB2AC6</string>
			<key>isa</key>
			<string>PBXBuildFile</string>
		</dict>
		<key>68C595CB1912DDCF00BB2AC6</key>
		<dict>
			<key>fileRef</key>
			<string>68C595871912DDCF00BB2AC6</string>
			<key>isa</key>
			<string>PBXBuildFile</string>
		</dict>
		<key>68C595CC1912DDCF00BB2AC6</key>
		<dict>
			<key>fileRef</key>
			<string>68C595881912DDCF00BB2AC6</string>
			<key>isa</key>
			<string>PBXBuildFile</string>
		</dict>
		<key>68C595CD1912DDCF00BB2AC6</key>
		<dict>
			<key>fileRef</key>
			<string>68C595881912DDCF00BB2AC6</string>
			<key>isa</key>
			<string>PBXBuildFile</string>
		</dict>
		<key>68C595CE1912DDCF00BB2AC6</key>
		<dict>
			<key>fileRef</key>
			<string>68C595891912DDCF00BB2AC6</string>
			<key>isa</key>
			<string>PBXBuildFile</string>
		</dict>
		<key>68C595CF1912DDCF00BB2AC6</key>
		<dict>
			<key>fileRef</key>
			<string>68C595891912DDCF00BB2AC6</string>
			<key>isa</key>
			<string>PBXBuildFile</string>
		</dict>
		<key>68C595D01912DDCF00BB2AC6</key>
		<dict>
			<key>fileRef</key>
			<string>68C5958A1912DDCF00BB2AC6</string>
			<key>isa</key>
			<string>PBXBuildFile</string>
		</dict>
		<key>68C595D11912DDCF00BB2AC6</key>
		<dict>
			<key>fileRef</key>
			<string>68C5958A1912DDCF00BB2AC6</string>
			<key>isa</key>
			<string>PBXBuildFile</string>
		</dict>
		<key>68C595D21912DDCF00BB2AC6</key>
		<dict>
			<key>fileRef</key>
			<string>68C5958B1912DDCF00BB2AC6</string>
			<key>isa</key>
			<string>PBXBuildFile</string>
		</dict>
		<key>68C595D31912DDCF00BB2AC6</key>
		<dict>
			<key>fileRef</key>
			<string>68C5958B1912DDCF00BB2AC6</string>
			<key>isa</key>
			<string>PBXBuildFile</string>
		</dict>
		<key>68C595D41912DDCF00BB2AC6</key>
		<dict>
			<key>fileRef</key>
			<string>68C5958C1912DDCF00BB2AC6</string>
			<key>isa</key>
			<string>PBXBuildFile</string>
		</dict>
		<key>68C595D51912DDCF00BB2AC6</key>
		<dict>
			<key>fileRef</key>
			<string>68C5958C1912DDCF00BB2AC6</string>
			<key>isa</key>
			<string>PBXBuildFile</string>
		</dict>
		<key>68C595D61912DDCF00BB2AC6</key>
		<dict>
			<key>fileRef</key>
			<string>68C5958D1912DDCF00BB2AC6</string>
			<key>isa</key>
			<string>PBXBuildFile</string>
		</dict>
		<key>68C595D71912DDCF00BB2AC6</key>
		<dict>
			<key>fileRef</key>
			<string>68C5958D1912DDCF00BB2AC6</string>
			<key>isa</key>
			<string>PBXBuildFile</string>
		</dict>
		<key>68C595D81912DDCF00BB2AC6</key>
		<dict>
			<key>fileRef</key>
			<string>68C5958E1912DDCF00BB2AC6</string>
			<key>isa</key>
			<string>PBXBuildFile</string>
		</dict>
		<key>68C595D91912DDCF00BB2AC6</key>
		<dict>
			<key>fileRef</key>
			<string>68C5958E1912DDCF00BB2AC6</string>
			<key>isa</key>
			<string>PBXBuildFile</string>
		</dict>
		<key>68C595DA1912DDCF00BB2AC6</key>
		<dict>
			<key>fileRef</key>
			<string>68C5958F1912DDCF00BB2AC6</string>
			<key>isa</key>
			<string>PBXBuildFile</string>
		</dict>
		<key>68C595DB1912DDCF00BB2AC6</key>
		<dict>
			<key>fileRef</key>
			<string>68C5958F1912DDCF00BB2AC6</string>
			<key>isa</key>
			<string>PBXBuildFile</string>
		</dict>
		<key>68C595DC1912DDCF00BB2AC6</key>
		<dict>
			<key>fileRef</key>
			<string>68C595901912DDCF00BB2AC6</string>
			<key>isa</key>
			<string>PBXBuildFile</string>
		</dict>
		<key>68C595DD1912DDCF00BB2AC6</key>
		<dict>
			<key>fileRef</key>
			<string>68C595901912DDCF00BB2AC6</string>
			<key>isa</key>
			<string>PBXBuildFile</string>
		</dict>
		<key>68C595DE1912DDCF00BB2AC6</key>
		<dict>
			<key>fileRef</key>
			<string>68C595911912DDCF00BB2AC6</string>
			<key>isa</key>
			<string>PBXBuildFile</string>
		</dict>
		<key>68C595DF1912DDCF00BB2AC6</key>
		<dict>
			<key>fileRef</key>
			<string>68C595911912DDCF00BB2AC6</string>
			<key>isa</key>
			<string>PBXBuildFile</string>
		</dict>
		<key>68C595E01912DDCF00BB2AC6</key>
		<dict>
			<key>fileRef</key>
			<string>68C595921912DDCF00BB2AC6</string>
			<key>isa</key>
			<string>PBXBuildFile</string>
		</dict>
		<key>68C595E11912DDCF00BB2AC6</key>
		<dict>
			<key>fileRef</key>
			<string>68C595921912DDCF00BB2AC6</string>
			<key>isa</key>
			<string>PBXBuildFile</string>
		</dict>
		<key>68C595E21912DDCF00BB2AC6</key>
		<dict>
			<key>fileRef</key>
			<string>68C595931912DDCF00BB2AC6</string>
			<key>isa</key>
			<string>PBXBuildFile</string>
		</dict>
		<key>68C595E31912DDCF00BB2AC6</key>
		<dict>
			<key>fileRef</key>
			<string>68C595931912DDCF00BB2AC6</string>
			<key>isa</key>
			<string>PBXBuildFile</string>
		</dict>
		<key>68C595E41912DDCF00BB2AC6</key>
		<dict>
			<key>fileRef</key>
			<string>68C595941912DDCF00BB2AC6</string>
			<key>isa</key>
			<string>PBXBuildFile</string>
		</dict>
		<key>68C595E51912DDCF00BB2AC6</key>
		<dict>
			<key>fileRef</key>
			<string>68C595941912DDCF00BB2AC6</string>
			<key>isa</key>
			<string>PBXBuildFile</string>
		</dict>
		<key>68C595E61912DDCF00BB2AC6</key>
		<dict>
			<key>fileRef</key>
			<string>68C595951912DDCF00BB2AC6</string>
			<key>isa</key>
			<string>PBXBuildFile</string>
		</dict>
		<key>68C595E71912DDCF00BB2AC6</key>
		<dict>
			<key>fileRef</key>
			<string>68C595951912DDCF00BB2AC6</string>
			<key>isa</key>
			<string>PBXBuildFile</string>
		</dict>
		<key>68C595EC1912FCB700BB2AC6</key>
		<dict>
			<key>isa</key>
			<string>PBXFileReference</string>
			<key>lastKnownFileType</key>
			<string>folder</string>
			<key>path</key>
			<string>Packages</string>
			<key>sourceTree</key>
			<string>&lt;group&gt;</string>
		</dict>
		<key>68C595ED1912FCB700BB2AC6</key>
		<dict>
			<key>fileRef</key>
			<string>68C595EC1912FCB700BB2AC6</string>
			<key>isa</key>
			<string>PBXBuildFile</string>
		</dict>
		<key>68C595EE1912FCB700BB2AC6</key>
		<dict>
			<key>fileRef</key>
			<string>68C595EC1912FCB700BB2AC6</string>
			<key>isa</key>
			<string>PBXBuildFile</string>
		</dict>
		<key>68C595EF1912FEB700BB2AC6</key>
		<dict>
			<key>isa</key>
			<string>PBXFileReference</string>
			<key>lastKnownFileType</key>
			<string>wrapper.framework</string>
			<key>name</key>
			<string>QuartzCore.framework</string>
			<key>path</key>
			<string>System/Library/Frameworks/QuartzCore.framework</string>
			<key>sourceTree</key>
			<string>SDKROOT</string>
		</dict>
		<key>68C595F01912FEB700BB2AC6</key>
		<dict>
			<key>fileRef</key>
			<string>68C595EF1912FEB700BB2AC6</string>
			<key>isa</key>
			<string>PBXBuildFile</string>
		</dict>
		<key>68C595F11912FEC200BB2AC6</key>
		<dict>
			<key>isa</key>
			<string>PBXFileReference</string>
			<key>lastKnownFileType</key>
			<string>compiled.mach-o.dylib</string>
			<key>name</key>
			<string>libz.dylib</string>
			<key>path</key>
			<string>usr/lib/libz.dylib</string>
			<key>sourceTree</key>
			<string>SDKROOT</string>
		</dict>
		<key>68C595F21912FEC200BB2AC6</key>
		<dict>
			<key>fileRef</key>
			<string>68C595F11912FEC200BB2AC6</string>
			<key>isa</key>
			<string>PBXBuildFile</string>
		</dict>
		<key>68C595F31912FEF300BB2AC6</key>
		<dict>
			<key>isa</key>
			<string>PBXFileReference</string>
			<key>lastKnownFileType</key>
			<string>wrapper.framework</string>
			<key>name</key>
			<string>AVFoundation.framework</string>
			<key>path</key>
			<string>System/Library/Frameworks/AVFoundation.framework</string>
			<key>sourceTree</key>
			<string>SDKROOT</string>
		</dict>
		<key>68C595F41912FEF300BB2AC6</key>
		<dict>
			<key>fileRef</key>
			<string>68C595F31912FEF300BB2AC6</string>
			<key>isa</key>
			<string>PBXBuildFile</string>
		</dict>
		<key>68C595F519131A2900BB2AC6</key>
		<dict>
			<key>isa</key>
			<string>PBXFileReference</string>
			<key>lastKnownFileType</key>
			<string>image.png</string>
			<key>path</key>
			<string>Buttonlines_large.png</string>
			<key>sourceTree</key>
			<string>&lt;group&gt;</string>
		</dict>
		<key>68C595F619131A2900BB2AC6</key>
		<dict>
			<key>isa</key>
			<string>PBXFileReference</string>
			<key>lastKnownFileType</key>
			<string>image.png</string>
			<key>path</key>
			<string>Buttonlines.png</string>
			<key>sourceTree</key>
			<string>&lt;group&gt;</string>
		</dict>
		<key>68C595F719131A2900BB2AC6</key>
		<dict>
			<key>isa</key>
			<string>PBXFileReference</string>
			<key>lastKnownFileType</key>
			<string>image.png</string>
			<key>path</key>
			<string>grad_shad_bot.png</string>
			<key>sourceTree</key>
			<string>&lt;group&gt;</string>
		</dict>
		<key>68C595F819131A2A00BB2AC6</key>
		<dict>
			<key>isa</key>
			<string>PBXFileReference</string>
			<key>lastKnownFileType</key>
			<string>image.png</string>
			<key>path</key>
			<string>grad_shad_E.png</string>
			<key>sourceTree</key>
			<string>&lt;group&gt;</string>
		</dict>
		<key>68C595F919131A2A00BB2AC6</key>
		<dict>
			<key>isa</key>
			<string>PBXFileReference</string>
			<key>lastKnownFileType</key>
			<string>image.png</string>
			<key>path</key>
			<string>grad_shad_NE.png</string>
			<key>sourceTree</key>
			<string>&lt;group&gt;</string>
		</dict>
		<key>68C595FA19131A2A00BB2AC6</key>
		<dict>
			<key>isa</key>
			<string>PBXFileReference</string>
			<key>lastKnownFileType</key>
			<string>image.png</string>
			<key>path</key>
			<string>grad_shad_S.png</string>
			<key>sourceTree</key>
			<string>&lt;group&gt;</string>
		</dict>
		<key>68C595FB19131A2A00BB2AC6</key>
		<dict>
			<key>isa</key>
			<string>PBXFileReference</string>
			<key>lastKnownFileType</key>
			<string>image.png</string>
			<key>path</key>
			<string>grad_shad_SE.png</string>
			<key>sourceTree</key>
			<string>&lt;group&gt;</string>
		</dict>
		<key>68C595FC19131A2A00BB2AC6</key>
		<dict>
			<key>isa</key>
			<string>PBXFileReference</string>
			<key>lastKnownFileType</key>
			<string>image.png</string>
			<key>path</key>
			<string>grad_shad_SW.png</string>
			<key>sourceTree</key>
			<string>&lt;group&gt;</string>
		</dict>
		<key>68C595FD19131A2A00BB2AC6</key>
		<dict>
			<key>isa</key>
			<string>PBXFileReference</string>
			<key>lastKnownFileType</key>
			<string>image.png</string>
			<key>path</key>
			<string>grad_shad_top.png</string>
			<key>sourceTree</key>
			<string>&lt;group&gt;</string>
		</dict>
		<key>68C595FE19131A2A00BB2AC6</key>
		<dict>
			<key>isa</key>
			<string>PBXFileReference</string>
			<key>lastKnownFileType</key>
			<string>image.png</string>
			<key>path</key>
			<string>line.png</string>
			<key>sourceTree</key>
			<string>&lt;group&gt;</string>
		</dict>
		<key>68C595FF19131A2A00BB2AC6</key>
		<dict>
			<key>isa</key>
			<string>PBXFileReference</string>
			<key>lastKnownFileType</key>
			<string>image.png</string>
			<key>path</key>
			<string>URL_Button.png</string>
			<key>sourceTree</key>
			<string>&lt;group&gt;</string>
		</dict>
		<key>68C5960019131A2A00BB2AC6</key>
		<dict>
			<key>isa</key>
			<string>PBXFileReference</string>
			<key>lastKnownFileType</key>
			<string>image.png</string>
			<key>path</key>
			<string>URL_Button@2x.png</string>
			<key>sourceTree</key>
			<string>&lt;group&gt;</string>
		</dict>
		<key>68C5960119131A2A00BB2AC6</key>
		<dict>
			<key>isa</key>
			<string>PBXFileReference</string>
			<key>lastKnownFileType</key>
			<string>image.png</string>
			<key>path</key>
			<string>urlbutton.png</string>
			<key>sourceTree</key>
			<string>&lt;group&gt;</string>
		</dict>
		<key>68C5960219131A2A00BB2AC6</key>
		<dict>
			<key>isa</key>
			<string>PBXFileReference</string>
			<key>lastKnownFileType</key>
			<string>image.png</string>
			<key>path</key>
			<string>urlbutton@2x.png</string>
			<key>sourceTree</key>
			<string>&lt;group&gt;</string>
		</dict>
		<key>68C5960319131A2A00BB2AC6</key>
		<dict>
			<key>isa</key>
			<string>PBXFileReference</string>
			<key>lastKnownFileType</key>
			<string>image.png</string>
			<key>path</key>
			<string>vline.png</string>
			<key>sourceTree</key>
			<string>&lt;group&gt;</string>
		</dict>
		<key>68C5960419131A2A00BB2AC6</key>
		<dict>
			<key>fileRef</key>
			<string>68C595F519131A2900BB2AC6</string>
			<key>isa</key>
			<string>PBXBuildFile</string>
		</dict>
		<key>68C5960519131A2A00BB2AC6</key>
		<dict>
			<key>fileRef</key>
			<string>68C595F519131A2900BB2AC6</string>
			<key>isa</key>
			<string>PBXBuildFile</string>
		</dict>
		<key>68C5960619131A2A00BB2AC6</key>
		<dict>
			<key>fileRef</key>
			<string>68C595F619131A2900BB2AC6</string>
			<key>isa</key>
			<string>PBXBuildFile</string>
		</dict>
		<key>68C5960719131A2A00BB2AC6</key>
		<dict>
			<key>fileRef</key>
			<string>68C595F619131A2900BB2AC6</string>
			<key>isa</key>
			<string>PBXBuildFile</string>
		</dict>
		<key>68C5960819131A2A00BB2AC6</key>
		<dict>
			<key>fileRef</key>
			<string>68C595F719131A2900BB2AC6</string>
			<key>isa</key>
			<string>PBXBuildFile</string>
		</dict>
		<key>68C5960919131A2A00BB2AC6</key>
		<dict>
			<key>fileRef</key>
			<string>68C595F719131A2900BB2AC6</string>
			<key>isa</key>
			<string>PBXBuildFile</string>
		</dict>
		<key>68C5960A19131A2A00BB2AC6</key>
		<dict>
			<key>fileRef</key>
			<string>68C595F819131A2A00BB2AC6</string>
			<key>isa</key>
			<string>PBXBuildFile</string>
		</dict>
		<key>68C5960B19131A2A00BB2AC6</key>
		<dict>
			<key>fileRef</key>
			<string>68C595F819131A2A00BB2AC6</string>
			<key>isa</key>
			<string>PBXBuildFile</string>
		</dict>
		<key>68C5960C19131A2A00BB2AC6</key>
		<dict>
			<key>fileRef</key>
			<string>68C595F919131A2A00BB2AC6</string>
			<key>isa</key>
			<string>PBXBuildFile</string>
		</dict>
		<key>68C5960D19131A2A00BB2AC6</key>
		<dict>
			<key>fileRef</key>
			<string>68C595F919131A2A00BB2AC6</string>
			<key>isa</key>
			<string>PBXBuildFile</string>
		</dict>
		<key>68C5960E19131A2A00BB2AC6</key>
		<dict>
			<key>fileRef</key>
			<string>68C595FA19131A2A00BB2AC6</string>
			<key>isa</key>
			<string>PBXBuildFile</string>
		</dict>
		<key>68C5960F19131A2A00BB2AC6</key>
		<dict>
			<key>fileRef</key>
			<string>68C595FA19131A2A00BB2AC6</string>
			<key>isa</key>
			<string>PBXBuildFile</string>
		</dict>
		<key>68C5961019131A2A00BB2AC6</key>
		<dict>
			<key>fileRef</key>
			<string>68C595FB19131A2A00BB2AC6</string>
			<key>isa</key>
			<string>PBXBuildFile</string>
		</dict>
		<key>68C5961119131A2A00BB2AC6</key>
		<dict>
			<key>fileRef</key>
			<string>68C595FB19131A2A00BB2AC6</string>
			<key>isa</key>
			<string>PBXBuildFile</string>
		</dict>
		<key>68C5961219131A2A00BB2AC6</key>
		<dict>
			<key>fileRef</key>
			<string>68C595FC19131A2A00BB2AC6</string>
			<key>isa</key>
			<string>PBXBuildFile</string>
		</dict>
		<key>68C5961319131A2A00BB2AC6</key>
		<dict>
			<key>fileRef</key>
			<string>68C595FC19131A2A00BB2AC6</string>
			<key>isa</key>
			<string>PBXBuildFile</string>
		</dict>
		<key>68C5961419131A2A00BB2AC6</key>
		<dict>
			<key>fileRef</key>
			<string>68C595FD19131A2A00BB2AC6</string>
			<key>isa</key>
			<string>PBXBuildFile</string>
		</dict>
		<key>68C5961519131A2A00BB2AC6</key>
		<dict>
			<key>fileRef</key>
			<string>68C595FD19131A2A00BB2AC6</string>
			<key>isa</key>
			<string>PBXBuildFile</string>
		</dict>
		<key>68C5961619131A2A00BB2AC6</key>
		<dict>
			<key>fileRef</key>
			<string>68C595FE19131A2A00BB2AC6</string>
			<key>isa</key>
			<string>PBXBuildFile</string>
		</dict>
		<key>68C5961719131A2A00BB2AC6</key>
		<dict>
			<key>fileRef</key>
			<string>68C595FE19131A2A00BB2AC6</string>
			<key>isa</key>
			<string>PBXBuildFile</string>
		</dict>
		<key>68C5961819131A2A00BB2AC6</key>
		<dict>
			<key>fileRef</key>
			<string>68C595FF19131A2A00BB2AC6</string>
			<key>isa</key>
			<string>PBXBuildFile</string>
		</dict>
		<key>68C5961919131A2A00BB2AC6</key>
		<dict>
			<key>fileRef</key>
			<string>68C595FF19131A2A00BB2AC6</string>
			<key>isa</key>
			<string>PBXBuildFile</string>
		</dict>
		<key>68C5961A19131A2A00BB2AC6</key>
		<dict>
			<key>fileRef</key>
			<string>68C5960019131A2A00BB2AC6</string>
			<key>isa</key>
			<string>PBXBuildFile</string>
		</dict>
		<key>68C5961B19131A2A00BB2AC6</key>
		<dict>
			<key>fileRef</key>
			<string>68C5960019131A2A00BB2AC6</string>
			<key>isa</key>
			<string>PBXBuildFile</string>
		</dict>
		<key>68C5961C19131A2A00BB2AC6</key>
		<dict>
			<key>fileRef</key>
			<string>68C5960119131A2A00BB2AC6</string>
			<key>isa</key>
			<string>PBXBuildFile</string>
		</dict>
		<key>68C5961D19131A2A00BB2AC6</key>
		<dict>
			<key>fileRef</key>
			<string>68C5960119131A2A00BB2AC6</string>
			<key>isa</key>
			<string>PBXBuildFile</string>
		</dict>
		<key>68C5961E19131A2A00BB2AC6</key>
		<dict>
			<key>fileRef</key>
			<string>68C5960219131A2A00BB2AC6</string>
			<key>isa</key>
			<string>PBXBuildFile</string>
		</dict>
		<key>68C5961F19131A2A00BB2AC6</key>
		<dict>
			<key>fileRef</key>
			<string>68C5960219131A2A00BB2AC6</string>
			<key>isa</key>
			<string>PBXBuildFile</string>
		</dict>
		<key>68C5962019131A2A00BB2AC6</key>
		<dict>
			<key>fileRef</key>
			<string>68C5960319131A2A00BB2AC6</string>
			<key>isa</key>
			<string>PBXBuildFile</string>
		</dict>
		<key>68C5962119131A2A00BB2AC6</key>
		<dict>
			<key>fileRef</key>
			<string>68C5960319131A2A00BB2AC6</string>
			<key>isa</key>
			<string>PBXBuildFile</string>
		</dict>
		<key>68C5962219131CAB00BB2AC6</key>
		<dict>
			<key>fileEncoding</key>
			<string>4</string>
			<key>isa</key>
			<string>PBXFileReference</string>
			<key>lastKnownFileType</key>
			<string>sourcecode.c.h</string>
			<key>path</key>
			<string>GTExampleTableViewController.h</string>
			<key>sourceTree</key>
			<string>&lt;group&gt;</string>
		</dict>
		<key>68C5962319131CAB00BB2AC6</key>
		<dict>
			<key>fileEncoding</key>
			<string>4</string>
			<key>isa</key>
			<string>PBXFileReference</string>
			<key>lastKnownFileType</key>
			<string>sourcecode.c.objc</string>
			<key>path</key>
			<string>GTExampleTableViewController.m</string>
			<key>sourceTree</key>
			<string>&lt;group&gt;</string>
		</dict>
		<key>68C5962419131CAB00BB2AC6</key>
		<dict>
			<key>fileRef</key>
			<string>68C5962319131CAB00BB2AC6</string>
			<key>isa</key>
			<string>PBXBuildFile</string>
		</dict>
		<key>68C5962519131CAB00BB2AC6</key>
		<dict>
			<key>fileRef</key>
			<string>68C5962319131CAB00BB2AC6</string>
			<key>isa</key>
			<string>PBXBuildFile</string>
		</dict>
		<key>68F1F7F9190B05ED00044CDF</key>
		<dict>
			<key>children</key>
			<array>
				<string>68F1F80B190B05ED00044CDF</string>
				<string>68F1F82A190B05ED00044CDF</string>
				<string>68F1F804190B05ED00044CDF</string>
				<string>68F1F803190B05ED00044CDF</string>
				<string>6AD21ECA752346C48E0136B7</string>
			</array>
			<key>isa</key>
			<string>PBXGroup</string>
			<key>sourceTree</key>
			<string>&lt;group&gt;</string>
		</dict>
		<key>68F1F7FA190B05ED00044CDF</key>
		<dict>
			<key>attributes</key>
			<dict>
				<key>CLASSPREFIX</key>
				<string>GT</string>
				<key>LastUpgradeCheck</key>
				<string>0510</string>
				<key>ORGANIZATIONNAME</key>
				<string>Michael Harrison</string>
				<key>TargetAttributes</key>
				<dict>
					<key>68F1F822190B05ED00044CDF</key>
					<dict>
						<key>TestTargetID</key>
						<string>68F1F801190B05ED00044CDF</string>
					</dict>
				</dict>
			</dict>
			<key>buildConfigurationList</key>
			<string>68F1F7FD190B05ED00044CDF</string>
			<key>compatibilityVersion</key>
			<string>Xcode 3.2</string>
			<key>developmentRegion</key>
			<string>English</string>
			<key>hasScannedForEncodings</key>
			<string>0</string>
			<key>isa</key>
			<string>PBXProject</string>
			<key>knownRegions</key>
			<array>
				<string>en</string>
				<string>Base</string>
			</array>
			<key>mainGroup</key>
			<string>68F1F7F9190B05ED00044CDF</string>
			<key>productRefGroup</key>
			<string>68F1F803190B05ED00044CDF</string>
			<key>projectDirPath</key>
			<string></string>
			<key>projectReferences</key>
			<array/>
			<key>projectRoot</key>
			<string></string>
			<key>targets</key>
			<array>
				<string>68F1F801190B05ED00044CDF</string>
				<string>68F1F822190B05ED00044CDF</string>
			</array>
		</dict>
		<key>68F1F7FD190B05ED00044CDF</key>
		<dict>
			<key>buildConfigurations</key>
			<array>
				<string>68F1F832190B05ED00044CDF</string>
				<string>68F1F833190B05ED00044CDF</string>
			</array>
			<key>defaultConfigurationIsVisible</key>
			<string>0</string>
			<key>defaultConfigurationName</key>
			<string>Release</string>
			<key>isa</key>
			<string>XCConfigurationList</string>
		</dict>
		<key>68F1F7FE190B05ED00044CDF</key>
		<dict>
			<key>buildActionMask</key>
			<string>2147483647</string>
			<key>files</key>
			<array>
				<string>68F1F812190B05ED00044CDF</string>
				<string>68C595A21912DDCF00BB2AC6</string>
				<string>68C5959E1912DDCF00BB2AC6</string>
				<string>68C5962419131CAB00BB2AC6</string>
				<string>68C595A81912DDCF00BB2AC6</string>
				<string>68C595981912DDCF00BB2AC6</string>
				<string>68C5959A1912DDCF00BB2AC6</string>
				<string>68C595BC1912DDCF00BB2AC6</string>
				<string>68C595A01912DDCF00BB2AC6</string>
				<string>68C595B21912DDCF00BB2AC6</string>
				<string>68C5959C1912DDCF00BB2AC6</string>
				<string>68FEC621192BDD1700FC21F2</string>
				<string>68C595A41912DDCF00BB2AC6</string>
				<string>68C595B61912DDCF00BB2AC6</string>
				<string>68C595BA1912DDCF00BB2AC6</string>
				<string>68C595B81912DDCF00BB2AC6</string>
				<string>68F1F816190B05ED00044CDF</string>
				<string>68C595B01912DDCF00BB2AC6</string>
				<string>68C595AC1912DDCF00BB2AC6</string>
				<string>68C595961912DDCF00BB2AC6</string>
			</array>
			<key>isa</key>
			<string>PBXSourcesBuildPhase</string>
			<key>runOnlyForDeploymentPostprocessing</key>
			<string>0</string>
		</dict>
		<key>68F1F7FF190B05ED00044CDF</key>
		<dict>
			<key>buildActionMask</key>
			<string>2147483647</string>
			<key>files</key>
			<array>
				<string>68C595F41912FEF300BB2AC6</string>
				<string>68C595F21912FEC200BB2AC6</string>
				<string>68C595F01912FEB700BB2AC6</string>
				<string>68F1F808190B05ED00044CDF</string>
				<string>68F1F80A190B05ED00044CDF</string>
				<string>68F1F806190B05ED00044CDF</string>
				<string>3EA257A72B8B446AA8362101</string>
			</array>
			<key>isa</key>
			<string>PBXFrameworksBuildPhase</string>
			<key>runOnlyForDeploymentPostprocessing</key>
			<string>0</string>
		</dict>
		<key>68F1F800190B05ED00044CDF</key>
		<dict>
			<key>buildActionMask</key>
			<string>2147483647</string>
			<key>files</key>
			<array>
				<string>68C595CA1912DDCF00BB2AC6</string>
				<string>68F1F81E190B05ED00044CDF</string>
				<string>68C595AA1912DDCF00BB2AC6</string>
				<string>68C5961E19131A2A00BB2AC6</string>
				<string>68F1F810190B05ED00044CDF</string>
				<string>68C595CC1912DDCF00BB2AC6</string>
				<string>68C5962019131A2A00BB2AC6</string>
				<string>68C5960819131A2A00BB2AC6</string>
				<string>68C5961219131A2A00BB2AC6</string>
				<string>68C595D21912DDCF00BB2AC6</string>
				<string>68C5960A19131A2A00BB2AC6</string>
				<string>68C595C81912DDCF00BB2AC6</string>
				<string>68C595DE1912DDCF00BB2AC6</string>
				<string>68C5961419131A2A00BB2AC6</string>
				<string>68C5960C19131A2A00BB2AC6</string>
				<string>68C595D41912DDCF00BB2AC6</string>
				<string>68C595A61912DDCF00BB2AC6</string>
				<string>68C595DC1912DDCF00BB2AC6</string>
				<string>68C5960419131A2A00BB2AC6</string>
				<string>68C5961619131A2A00BB2AC6</string>
				<string>68C595ED1912FCB700BB2AC6</string>
				<string>68C5961C19131A2A00BB2AC6</string>
				<string>68C595E61912DDCF00BB2AC6</string>
				<string>68C595C01912DDCF00BB2AC6</string>
				<string>68C595BE1912DDCF00BB2AC6</string>
				<string>68C595D01912DDCF00BB2AC6</string>
				<string>68C5961A19131A2A00BB2AC6</string>
				<string>68C5961819131A2A00BB2AC6</string>
				<string>68C595C21912DDCF00BB2AC6</string>
				<string>68C595AE1912DDCF00BB2AC6</string>
				<string>68C595C61912DDCF00BB2AC6</string>
				<string>68C595D61912DDCF00BB2AC6</string>
				<string>68C595DA1912DDCF00BB2AC6</string>
				<string>68C595CE1912DDCF00BB2AC6</string>
				<string>68C595D81912DDCF00BB2AC6</string>
				<string>68F1F819190B05ED00044CDF</string>
				<string>68C595E21912DDCF00BB2AC6</string>
				<string>68C595E01912DDCF00BB2AC6</string>
				<string>68C595C41912DDCF00BB2AC6</string>
				<string>68C5961019131A2A00BB2AC6</string>
				<string>68C5960619131A2A00BB2AC6</string>
				<string>68C5960E19131A2A00BB2AC6</string>
				<string>68C595B41912DDCF00BB2AC6</string>
				<string>68C595E41912DDCF00BB2AC6</string>
			</array>
			<key>isa</key>
			<string>PBXResourcesBuildPhase</string>
			<key>runOnlyForDeploymentPostprocessing</key>
			<string>0</string>
		</dict>
		<key>68F1F801190B05ED00044CDF</key>
		<dict>
			<key>buildConfigurationList</key>
			<string>68F1F834190B05ED00044CDF</string>
			<key>buildPhases</key>
			<array>
				<string>8D064CC1346C4BB291DF596C</string>
				<string>68F1F7FE190B05ED00044CDF</string>
				<string>68F1F7FF190B05ED00044CDF</string>
				<string>68F1F800190B05ED00044CDF</string>
				<string>20C6D3E70CD24E2C9852851C</string>
			</array>
			<key>buildRules</key>
			<array/>
			<key>dependencies</key>
			<array/>
			<key>isa</key>
			<string>PBXNativeTarget</string>
			<key>name</key>
			<string>GTViewController</string>
			<key>productName</key>
			<string>GTViewController</string>
			<key>productReference</key>
			<string>68F1F802190B05ED00044CDF</string>
			<key>productType</key>
			<string>com.apple.product-type.application</string>
		</dict>
		<key>68F1F802190B05ED00044CDF</key>
		<dict>
			<key>explicitFileType</key>
			<string>wrapper.application</string>
			<key>includeInIndex</key>
			<string>0</string>
			<key>isa</key>
			<string>PBXFileReference</string>
			<key>path</key>
			<string>GTViewController.app</string>
			<key>sourceTree</key>
			<string>BUILT_PRODUCTS_DIR</string>
		</dict>
		<key>68F1F803190B05ED00044CDF</key>
		<dict>
			<key>children</key>
			<array>
				<string>68F1F802190B05ED00044CDF</string>
				<string>68F1F823190B05ED00044CDF</string>
			</array>
			<key>isa</key>
			<string>PBXGroup</string>
			<key>name</key>
			<string>Products</string>
			<key>sourceTree</key>
			<string>&lt;group&gt;</string>
		</dict>
		<key>68F1F804190B05ED00044CDF</key>
		<dict>
			<key>children</key>
			<array>
				<string>68C595F31912FEF300BB2AC6</string>
				<string>68C595F11912FEC200BB2AC6</string>
				<string>68C595EF1912FEB700BB2AC6</string>
				<string>68F1F805190B05ED00044CDF</string>
				<string>68F1F807190B05ED00044CDF</string>
				<string>68F1F809190B05ED00044CDF</string>
				<string>68F1F824190B05ED00044CDF</string>
				<string>1A44A8CF92AB420FB766F984</string>
			</array>
			<key>isa</key>
			<string>PBXGroup</string>
			<key>name</key>
			<string>Frameworks</string>
			<key>sourceTree</key>
			<string>&lt;group&gt;</string>
		</dict>
		<key>68F1F805190B05ED00044CDF</key>
		<dict>
			<key>isa</key>
			<string>PBXFileReference</string>
			<key>lastKnownFileType</key>
			<string>wrapper.framework</string>
			<key>name</key>
			<string>Foundation.framework</string>
			<key>path</key>
			<string>System/Library/Frameworks/Foundation.framework</string>
			<key>sourceTree</key>
			<string>SDKROOT</string>
		</dict>
		<key>68F1F806190B05ED00044CDF</key>
		<dict>
			<key>fileRef</key>
			<string>68F1F805190B05ED00044CDF</string>
			<key>isa</key>
			<string>PBXBuildFile</string>
		</dict>
		<key>68F1F807190B05ED00044CDF</key>
		<dict>
			<key>isa</key>
			<string>PBXFileReference</string>
			<key>lastKnownFileType</key>
			<string>wrapper.framework</string>
			<key>name</key>
			<string>CoreGraphics.framework</string>
			<key>path</key>
			<string>System/Library/Frameworks/CoreGraphics.framework</string>
			<key>sourceTree</key>
			<string>SDKROOT</string>
		</dict>
		<key>68F1F808190B05ED00044CDF</key>
		<dict>
			<key>fileRef</key>
			<string>68F1F807190B05ED00044CDF</string>
			<key>isa</key>
			<string>PBXBuildFile</string>
		</dict>
		<key>68F1F809190B05ED00044CDF</key>
		<dict>
			<key>isa</key>
			<string>PBXFileReference</string>
			<key>lastKnownFileType</key>
			<string>wrapper.framework</string>
			<key>name</key>
			<string>UIKit.framework</string>
			<key>path</key>
			<string>System/Library/Frameworks/UIKit.framework</string>
			<key>sourceTree</key>
			<string>SDKROOT</string>
		</dict>
		<key>68F1F80A190B05ED00044CDF</key>
		<dict>
			<key>fileRef</key>
			<string>68F1F809190B05ED00044CDF</string>
			<key>isa</key>
			<string>PBXBuildFile</string>
		</dict>
		<key>68F1F80B190B05ED00044CDF</key>
		<dict>
			<key>children</key>
			<array>
				<string>68C595531912DDCF00BB2AC6</string>
				<string>68C5957D1912DDCF00BB2AC6</string>
				<string>68C595801912DDCF00BB2AC6</string>
				<string>68F1F814190B05ED00044CDF</string>
				<string>68F1F815190B05ED00044CDF</string>
				<string>68F1F817190B05ED00044CDF</string>
				<string>68C5962219131CAB00BB2AC6</string>
				<string>68C5962319131CAB00BB2AC6</string>
				<string>68C595EC1912FCB700BB2AC6</string>
				<string>68F1F81D190B05ED00044CDF</string>
				<string>68F1F80C190B05ED00044CDF</string>
			</array>
			<key>isa</key>
			<string>PBXGroup</string>
			<key>path</key>
			<string>GTViewController</string>
			<key>sourceTree</key>
			<string>&lt;group&gt;</string>
		</dict>
		<key>68F1F80C190B05ED00044CDF</key>
		<dict>
			<key>children</key>
			<array>
				<string>68F1F80D190B05ED00044CDF</string>
				<string>68F1F80E190B05ED00044CDF</string>
				<string>68F1F811190B05ED00044CDF</string>
				<string>68F1F813190B05ED00044CDF</string>
			</array>
			<key>isa</key>
			<string>PBXGroup</string>
			<key>name</key>
			<string>Supporting Files</string>
			<key>sourceTree</key>
			<string>&lt;group&gt;</string>
		</dict>
		<key>68F1F80D190B05ED00044CDF</key>
		<dict>
			<key>isa</key>
			<string>PBXFileReference</string>
			<key>lastKnownFileType</key>
			<string>text.plist.xml</string>
			<key>path</key>
			<string>GTViewController-Info.plist</string>
			<key>sourceTree</key>
			<string>&lt;group&gt;</string>
		</dict>
		<key>68F1F80E190B05ED00044CDF</key>
		<dict>
			<key>children</key>
			<array>
				<string>68F1F80F190B05ED00044CDF</string>
			</array>
			<key>isa</key>
			<string>PBXVariantGroup</string>
			<key>name</key>
			<string>InfoPlist.strings</string>
			<key>sourceTree</key>
			<string>&lt;group&gt;</string>
		</dict>
		<key>68F1F80F190B05ED00044CDF</key>
		<dict>
			<key>isa</key>
			<string>PBXFileReference</string>
			<key>lastKnownFileType</key>
			<string>text.plist.strings</string>
			<key>name</key>
			<string>en</string>
			<key>path</key>
			<string>en.lproj/InfoPlist.strings</string>
			<key>sourceTree</key>
			<string>&lt;group&gt;</string>
		</dict>
		<key>68F1F810190B05ED00044CDF</key>
		<dict>
			<key>fileRef</key>
			<string>68F1F80E190B05ED00044CDF</string>
			<key>isa</key>
			<string>PBXBuildFile</string>
		</dict>
		<key>68F1F811190B05ED00044CDF</key>
		<dict>
			<key>isa</key>
			<string>PBXFileReference</string>
			<key>lastKnownFileType</key>
			<string>sourcecode.c.objc</string>
			<key>path</key>
			<string>main.m</string>
			<key>sourceTree</key>
			<string>&lt;group&gt;</string>
		</dict>
		<key>68F1F812190B05ED00044CDF</key>
		<dict>
			<key>fileRef</key>
			<string>68F1F811190B05ED00044CDF</string>
			<key>isa</key>
			<string>PBXBuildFile</string>
		</dict>
		<key>68F1F813190B05ED00044CDF</key>
		<dict>
			<key>isa</key>
			<string>PBXFileReference</string>
			<key>lastKnownFileType</key>
			<string>sourcecode.c.h</string>
			<key>path</key>
			<string>GTViewController-Prefix.pch</string>
			<key>sourceTree</key>
			<string>&lt;group&gt;</string>
		</dict>
		<key>68F1F814190B05ED00044CDF</key>
		<dict>
			<key>isa</key>
			<string>PBXFileReference</string>
			<key>lastKnownFileType</key>
			<string>sourcecode.c.h</string>
			<key>path</key>
			<string>GTAppDelegate.h</string>
			<key>sourceTree</key>
			<string>&lt;group&gt;</string>
		</dict>
		<key>68F1F815190B05ED00044CDF</key>
		<dict>
			<key>isa</key>
			<string>PBXFileReference</string>
			<key>lastKnownFileType</key>
			<string>sourcecode.c.objc</string>
			<key>path</key>
			<string>GTAppDelegate.m</string>
			<key>sourceTree</key>
			<string>&lt;group&gt;</string>
		</dict>
		<key>68F1F816190B05ED00044CDF</key>
		<dict>
			<key>fileRef</key>
			<string>68F1F815190B05ED00044CDF</string>
			<key>isa</key>
			<string>PBXBuildFile</string>
		</dict>
		<key>68F1F817190B05ED00044CDF</key>
		<dict>
			<key>children</key>
			<array>
				<string>68F1F818190B05ED00044CDF</string>
			</array>
			<key>isa</key>
			<string>PBXVariantGroup</string>
			<key>name</key>
			<string>Main.storyboard</string>
			<key>sourceTree</key>
			<string>&lt;group&gt;</string>
		</dict>
		<key>68F1F818190B05ED00044CDF</key>
		<dict>
			<key>isa</key>
			<string>PBXFileReference</string>
			<key>lastKnownFileType</key>
			<string>file.storyboard</string>
			<key>name</key>
			<string>Base</string>
			<key>path</key>
			<string>Base.lproj/Main.storyboard</string>
			<key>sourceTree</key>
			<string>&lt;group&gt;</string>
		</dict>
		<key>68F1F819190B05ED00044CDF</key>
		<dict>
			<key>fileRef</key>
			<string>68F1F817190B05ED00044CDF</string>
			<key>isa</key>
			<string>PBXBuildFile</string>
		</dict>
		<key>68F1F81D190B05ED00044CDF</key>
		<dict>
			<key>isa</key>
			<string>PBXFileReference</string>
			<key>lastKnownFileType</key>
			<string>folder.assetcatalog</string>
			<key>path</key>
			<string>Images.xcassets</string>
			<key>sourceTree</key>
			<string>&lt;group&gt;</string>
		</dict>
		<key>68F1F81E190B05ED00044CDF</key>
		<dict>
			<key>fileRef</key>
			<string>68F1F81D190B05ED00044CDF</string>
			<key>isa</key>
			<string>PBXBuildFile</string>
		</dict>
		<key>68F1F81F190B05ED00044CDF</key>
		<dict>
			<key>buildActionMask</key>
			<string>2147483647</string>
			<key>files</key>
			<array>
				<string>68C595A11912DDCF00BB2AC6</string>
				<string>68FEC622192BDD1700FC21F2</string>
				<string>68C595B11912DDCF00BB2AC6</string>
				<string>68C595A91912DDCF00BB2AC6</string>
				<string>68C595A31912DDCF00BB2AC6</string>
				<string>68C595B91912DDCF00BB2AC6</string>
				<string>68C595991912DDCF00BB2AC6</string>
				<string>68C595BB1912DDCF00BB2AC6</string>
				<string>68C5959F1912DDCF00BB2AC6</string>
				<string>68C595BD1912DDCF00BB2AC6</string>
				<string>68C595B31912DDCF00BB2AC6</string>
				<string>68C595A51912DDCF00BB2AC6</string>
				<string>68F1F831190B05ED00044CDF</string>
				<string>68C5959D1912DDCF00BB2AC6</string>
				<string>68C595AD1912DDCF00BB2AC6</string>
				<string>68C5959B1912DDCF00BB2AC6</string>
				<string>68C595B71912DDCF00BB2AC6</string>
				<string>68C595971912DDCF00BB2AC6</string>
				<string>68C5962519131CAB00BB2AC6</string>
			</array>
			<key>isa</key>
			<string>PBXSourcesBuildPhase</string>
			<key>runOnlyForDeploymentPostprocessing</key>
			<string>0</string>
		</dict>
		<key>68F1F820190B05ED00044CDF</key>
		<dict>
			<key>buildActionMask</key>
			<string>2147483647</string>
			<key>files</key>
			<array>
				<string>68F1F825190B05ED00044CDF</string>
				<string>68F1F827190B05ED00044CDF</string>
				<string>68F1F826190B05ED00044CDF</string>
				<string>F27A2B887A3D4C25BB3F0F6F</string>
			</array>
			<key>isa</key>
			<string>PBXFrameworksBuildPhase</string>
			<key>runOnlyForDeploymentPostprocessing</key>
			<string>0</string>
		</dict>
		<key>68F1F821190B05ED00044CDF</key>
		<dict>
			<key>buildActionMask</key>
			<string>2147483647</string>
			<key>files</key>
			<array>
				<string>68C595DB1912DDCF00BB2AC6</string>
				<string>68C5961F19131A2A00BB2AC6</string>
				<string>68C5960519131A2A00BB2AC6</string>
				<string>68C595E71912DDCF00BB2AC6</string>
				<string>68C5962119131A2A00BB2AC6</string>
				<string>68C595E11912DDCF00BB2AC6</string>
				<string>68C595CB1912DDCF00BB2AC6</string>
				<string>68C595D51912DDCF00BB2AC6</string>
				<string>68C595D31912DDCF00BB2AC6</string>
				<string>68C5960F19131A2A00BB2AC6</string>
				<string>68C5961719131A2A00BB2AC6</string>
				<string>68C5961319131A2A00BB2AC6</string>
				<string>68C595AB1912DDCF00BB2AC6</string>
				<string>68C5960B19131A2A00BB2AC6</string>
				<string>68C5960719131A2A00BB2AC6</string>
				<string>68C595B51912DDCF00BB2AC6</string>
				<string>68C595BF1912DDCF00BB2AC6</string>
				<string>68C595DF1912DDCF00BB2AC6</string>
				<string>68C595D11912DDCF00BB2AC6</string>
				<string>68C595CF1912DDCF00BB2AC6</string>
				<string>68C595CD1912DDCF00BB2AC6</string>
				<string>68C595A71912DDCF00BB2AC6</string>
				<string>68C595C31912DDCF00BB2AC6</string>
				<string>68C5961919131A2A00BB2AC6</string>
				<string>68C5960D19131A2A00BB2AC6</string>
				<string>68C595C51912DDCF00BB2AC6</string>
				<string>68C5961119131A2A00BB2AC6</string>
				<string>68C595C71912DDCF00BB2AC6</string>
				<string>68C595E31912DDCF00BB2AC6</string>
				<string>68C595AF1912DDCF00BB2AC6</string>
				<string>68C595DD1912DDCF00BB2AC6</string>
				<string>68C595C11912DDCF00BB2AC6</string>
				<string>68C595EE1912FCB700BB2AC6</string>
				<string>68C5961D19131A2A00BB2AC6</string>
				<string>68C5961B19131A2A00BB2AC6</string>
				<string>68C595E51912DDCF00BB2AC6</string>
				<string>68C5960919131A2A00BB2AC6</string>
				<string>68C5961519131A2A00BB2AC6</string>
				<string>68C595D71912DDCF00BB2AC6</string>
				<string>68C595C91912DDCF00BB2AC6</string>
				<string>68F1F82F190B05ED00044CDF</string>
				<string>68C595D91912DDCF00BB2AC6</string>
			</array>
			<key>isa</key>
			<string>PBXResourcesBuildPhase</string>
			<key>runOnlyForDeploymentPostprocessing</key>
			<string>0</string>
		</dict>
		<key>68F1F822190B05ED00044CDF</key>
		<dict>
			<key>buildConfigurationList</key>
			<string>68F1F837190B05ED00044CDF</string>
			<key>buildPhases</key>
			<array>
				<string>F5E0AE34333B4A89A2DE136F</string>
				<string>68F1F81F190B05ED00044CDF</string>
				<string>68F1F820190B05ED00044CDF</string>
				<string>68F1F821190B05ED00044CDF</string>
				<string>A5E308CF4C494F118FE05633</string>
			</array>
			<key>buildRules</key>
			<array/>
			<key>dependencies</key>
			<array>
				<string>68F1F829190B05ED00044CDF</string>
			</array>
			<key>isa</key>
			<string>PBXNativeTarget</string>
			<key>name</key>
			<string>GTViewControllerTests</string>
			<key>productName</key>
			<string>GTViewControllerTests</string>
			<key>productReference</key>
			<string>68F1F823190B05ED00044CDF</string>
			<key>productType</key>
			<string>com.apple.product-type.bundle.unit-test</string>
		</dict>
		<key>68F1F823190B05ED00044CDF</key>
		<dict>
			<key>explicitFileType</key>
			<string>wrapper.cfbundle</string>
			<key>includeInIndex</key>
			<string>0</string>
			<key>isa</key>
			<string>PBXFileReference</string>
			<key>path</key>
			<string>GTViewControllerTests.xctest</string>
			<key>sourceTree</key>
			<string>BUILT_PRODUCTS_DIR</string>
		</dict>
		<key>68F1F824190B05ED00044CDF</key>
		<dict>
			<key>isa</key>
			<string>PBXFileReference</string>
			<key>lastKnownFileType</key>
			<string>wrapper.framework</string>
			<key>name</key>
			<string>XCTest.framework</string>
			<key>path</key>
			<string>Library/Frameworks/XCTest.framework</string>
			<key>sourceTree</key>
			<string>DEVELOPER_DIR</string>
		</dict>
		<key>68F1F825190B05ED00044CDF</key>
		<dict>
			<key>fileRef</key>
			<string>68F1F824190B05ED00044CDF</string>
			<key>isa</key>
			<string>PBXBuildFile</string>
		</dict>
		<key>68F1F826190B05ED00044CDF</key>
		<dict>
			<key>fileRef</key>
			<string>68F1F805190B05ED00044CDF</string>
			<key>isa</key>
			<string>PBXBuildFile</string>
		</dict>
		<key>68F1F827190B05ED00044CDF</key>
		<dict>
			<key>fileRef</key>
			<string>68F1F809190B05ED00044CDF</string>
			<key>isa</key>
			<string>PBXBuildFile</string>
		</dict>
		<key>68F1F828190B05ED00044CDF</key>
		<dict>
			<key>containerPortal</key>
			<string>68F1F7FA190B05ED00044CDF</string>
			<key>isa</key>
			<string>PBXContainerItemProxy</string>
			<key>proxyType</key>
			<string>1</string>
			<key>remoteGlobalIDString</key>
			<string>68F1F801190B05ED00044CDF</string>
			<key>remoteInfo</key>
			<string>GTViewController</string>
		</dict>
		<key>68F1F829190B05ED00044CDF</key>
		<dict>
			<key>isa</key>
			<string>PBXTargetDependency</string>
			<key>target</key>
			<string>68F1F801190B05ED00044CDF</string>
			<key>targetProxy</key>
			<string>68F1F828190B05ED00044CDF</string>
		</dict>
		<key>68F1F82A190B05ED00044CDF</key>
		<dict>
			<key>children</key>
			<array>
				<string>68F1F830190B05ED00044CDF</string>
				<string>68F1F82B190B05ED00044CDF</string>
			</array>
			<key>isa</key>
			<string>PBXGroup</string>
			<key>path</key>
			<string>GTViewControllerTests</string>
			<key>sourceTree</key>
			<string>&lt;group&gt;</string>
		</dict>
		<key>68F1F82B190B05ED00044CDF</key>
		<dict>
			<key>children</key>
			<array>
				<string>68F1F82C190B05ED00044CDF</string>
				<string>68F1F82D190B05ED00044CDF</string>
			</array>
			<key>isa</key>
			<string>PBXGroup</string>
			<key>name</key>
			<string>Supporting Files</string>
			<key>sourceTree</key>
			<string>&lt;group&gt;</string>
		</dict>
		<key>68F1F82C190B05ED00044CDF</key>
		<dict>
			<key>isa</key>
			<string>PBXFileReference</string>
			<key>lastKnownFileType</key>
			<string>text.plist.xml</string>
			<key>path</key>
			<string>GTViewControllerTests-Info.plist</string>
			<key>sourceTree</key>
			<string>&lt;group&gt;</string>
		</dict>
		<key>68F1F82D190B05ED00044CDF</key>
		<dict>
			<key>children</key>
			<array>
				<string>68F1F82E190B05ED00044CDF</string>
			</array>
			<key>isa</key>
			<string>PBXVariantGroup</string>
			<key>name</key>
			<string>InfoPlist.strings</string>
			<key>sourceTree</key>
			<string>&lt;group&gt;</string>
		</dict>
		<key>68F1F82E190B05ED00044CDF</key>
		<dict>
			<key>isa</key>
			<string>PBXFileReference</string>
			<key>lastKnownFileType</key>
			<string>text.plist.strings</string>
			<key>name</key>
			<string>en</string>
			<key>path</key>
			<string>en.lproj/InfoPlist.strings</string>
			<key>sourceTree</key>
			<string>&lt;group&gt;</string>
		</dict>
		<key>68F1F82F190B05ED00044CDF</key>
		<dict>
			<key>fileRef</key>
			<string>68F1F82D190B05ED00044CDF</string>
			<key>isa</key>
			<string>PBXBuildFile</string>
		</dict>
		<key>68F1F830190B05ED00044CDF</key>
		<dict>
			<key>isa</key>
			<string>PBXFileReference</string>
			<key>lastKnownFileType</key>
			<string>sourcecode.c.objc</string>
			<key>path</key>
			<string>GTViewControllerTests.m</string>
			<key>sourceTree</key>
			<string>&lt;group&gt;</string>
		</dict>
		<key>68F1F831190B05ED00044CDF</key>
		<dict>
			<key>fileRef</key>
			<string>68F1F830190B05ED00044CDF</string>
			<key>isa</key>
			<string>PBXBuildFile</string>
		</dict>
		<key>68F1F832190B05ED00044CDF</key>
		<dict>
			<key>buildSettings</key>
			<dict>
				<key>ALWAYS_SEARCH_USER_PATHS</key>
				<string>NO</string>
				<key>CLANG_CXX_LANGUAGE_STANDARD</key>
				<string>gnu++0x</string>
				<key>CLANG_CXX_LIBRARY</key>
				<string>libc++</string>
				<key>CLANG_ENABLE_MODULES</key>
				<string>YES</string>
				<key>CLANG_ENABLE_OBJC_ARC</key>
				<string>YES</string>
				<key>CLANG_WARN_BOOL_CONVERSION</key>
				<string>YES</string>
				<key>CLANG_WARN_CONSTANT_CONVERSION</key>
				<string>YES</string>
				<key>CLANG_WARN_DIRECT_OBJC_ISA_USAGE</key>
				<string>YES_ERROR</string>
				<key>CLANG_WARN_EMPTY_BODY</key>
				<string>YES</string>
				<key>CLANG_WARN_ENUM_CONVERSION</key>
				<string>YES</string>
				<key>CLANG_WARN_INT_CONVERSION</key>
				<string>YES</string>
				<key>CLANG_WARN_OBJC_ROOT_CLASS</key>
				<string>YES_ERROR</string>
				<key>CLANG_WARN__DUPLICATE_METHOD_MATCH</key>
				<string>YES</string>
				<key>CODE_SIGN_IDENTITY[sdk=iphoneos*]</key>
				<string>iPhone Developer</string>
				<key>COPY_PHASE_STRIP</key>
				<string>NO</string>
				<key>GCC_C_LANGUAGE_STANDARD</key>
				<string>gnu99</string>
				<key>GCC_DYNAMIC_NO_PIC</key>
				<string>NO</string>
				<key>GCC_OPTIMIZATION_LEVEL</key>
				<string>0</string>
				<key>GCC_PREPROCESSOR_DEFINITIONS</key>
				<array>
					<string>DEBUG=1</string>
					<string>$(inherited)</string>
				</array>
				<key>GCC_SYMBOLS_PRIVATE_EXTERN</key>
				<string>NO</string>
				<key>GCC_WARN_64_TO_32_BIT_CONVERSION</key>
				<string>YES</string>
				<key>GCC_WARN_ABOUT_RETURN_TYPE</key>
				<string>YES_ERROR</string>
				<key>GCC_WARN_UNDECLARED_SELECTOR</key>
				<string>YES</string>
				<key>GCC_WARN_UNINITIALIZED_AUTOS</key>
				<string>YES_AGGRESSIVE</string>
				<key>GCC_WARN_UNUSED_FUNCTION</key>
				<string>YES</string>
				<key>GCC_WARN_UNUSED_VARIABLE</key>
				<string>YES</string>
				<key>IPHONEOS_DEPLOYMENT_TARGET</key>
				<string>7.1</string>
				<key>ONLY_ACTIVE_ARCH</key>
				<string>YES</string>
				<key>SDKROOT</key>
				<string>iphoneos</string>
			</dict>
			<key>isa</key>
			<string>XCBuildConfiguration</string>
			<key>name</key>
			<string>Debug</string>
		</dict>
		<key>68F1F833190B05ED00044CDF</key>
		<dict>
			<key>buildSettings</key>
			<dict>
				<key>ALWAYS_SEARCH_USER_PATHS</key>
				<string>NO</string>
				<key>CLANG_CXX_LANGUAGE_STANDARD</key>
				<string>gnu++0x</string>
				<key>CLANG_CXX_LIBRARY</key>
				<string>libc++</string>
				<key>CLANG_ENABLE_MODULES</key>
				<string>YES</string>
				<key>CLANG_ENABLE_OBJC_ARC</key>
				<string>YES</string>
				<key>CLANG_WARN_BOOL_CONVERSION</key>
				<string>YES</string>
				<key>CLANG_WARN_CONSTANT_CONVERSION</key>
				<string>YES</string>
				<key>CLANG_WARN_DIRECT_OBJC_ISA_USAGE</key>
				<string>YES_ERROR</string>
				<key>CLANG_WARN_EMPTY_BODY</key>
				<string>YES</string>
				<key>CLANG_WARN_ENUM_CONVERSION</key>
				<string>YES</string>
				<key>CLANG_WARN_INT_CONVERSION</key>
				<string>YES</string>
				<key>CLANG_WARN_OBJC_ROOT_CLASS</key>
				<string>YES_ERROR</string>
				<key>CLANG_WARN__DUPLICATE_METHOD_MATCH</key>
				<string>YES</string>
				<key>CODE_SIGN_IDENTITY[sdk=iphoneos*]</key>
				<string>iPhone Developer</string>
				<key>COPY_PHASE_STRIP</key>
				<string>YES</string>
				<key>ENABLE_NS_ASSERTIONS</key>
				<string>NO</string>
				<key>GCC_C_LANGUAGE_STANDARD</key>
				<string>gnu99</string>
				<key>GCC_WARN_64_TO_32_BIT_CONVERSION</key>
				<string>YES</string>
				<key>GCC_WARN_ABOUT_RETURN_TYPE</key>
				<string>YES_ERROR</string>
				<key>GCC_WARN_UNDECLARED_SELECTOR</key>
				<string>YES</string>
				<key>GCC_WARN_UNINITIALIZED_AUTOS</key>
				<string>YES_AGGRESSIVE</string>
				<key>GCC_WARN_UNUSED_FUNCTION</key>
				<string>YES</string>
				<key>GCC_WARN_UNUSED_VARIABLE</key>
				<string>YES</string>
				<key>IPHONEOS_DEPLOYMENT_TARGET</key>
				<string>7.1</string>
				<key>SDKROOT</key>
				<string>iphoneos</string>
				<key>VALIDATE_PRODUCT</key>
				<string>YES</string>
			</dict>
			<key>isa</key>
			<string>XCBuildConfiguration</string>
			<key>name</key>
			<string>Release</string>
		</dict>
		<key>68F1F834190B05ED00044CDF</key>
		<dict>
			<key>buildConfigurations</key>
			<array>
				<string>68F1F835190B05ED00044CDF</string>
				<string>68F1F836190B05ED00044CDF</string>
			</array>
			<key>defaultConfigurationIsVisible</key>
			<string>0</string>
			<key>defaultConfigurationName</key>
			<string>Release</string>
			<key>isa</key>
			<string>XCConfigurationList</string>
		</dict>
		<key>68F1F835190B05ED00044CDF</key>
		<dict>
			<key>baseConfigurationReference</key>
			<string>6AD21ECA752346C48E0136B7</string>
			<key>buildSettings</key>
			<dict>
				<key>ASSETCATALOG_COMPILER_APPICON_NAME</key>
				<string>AppIcon</string>
				<key>ASSETCATALOG_COMPILER_LAUNCHIMAGE_NAME</key>
				<string>LaunchImage</string>
				<key>GCC_PRECOMPILE_PREFIX_HEADER</key>
				<string>YES</string>
				<key>GCC_PREFIX_HEADER</key>
				<string>GTViewController/GTViewController-Prefix.pch</string>
				<key>HEADER_SEARCH_PATHS</key>
				<array>
					<string>$(inherited)</string>
					<string>/Applications/Xcode.app/Contents/Developer/Toolchains/XcodeDefault.xctoolchain/usr/include</string>
					<string>GTViewController/Headers</string>
				</array>
				<key>INFOPLIST_FILE</key>
				<string>GTViewController/GTViewController-Info.plist</string>
				<key>IPHONEOS_DEPLOYMENT_TARGET</key>
				<string>6.0</string>
				<key>PRODUCT_NAME</key>
				<string>$(TARGET_NAME)</string>
				<key>WRAPPER_EXTENSION</key>
				<string>app</string>
			</dict>
			<key>isa</key>
			<string>XCBuildConfiguration</string>
			<key>name</key>
			<string>Debug</string>
		</dict>
		<key>68F1F836190B05ED00044CDF</key>
		<dict>
			<key>baseConfigurationReference</key>
			<string>6AD21ECA752346C48E0136B7</string>
			<key>buildSettings</key>
			<dict>
				<key>ASSETCATALOG_COMPILER_APPICON_NAME</key>
				<string>AppIcon</string>
				<key>ASSETCATALOG_COMPILER_LAUNCHIMAGE_NAME</key>
				<string>LaunchImage</string>
				<key>GCC_PRECOMPILE_PREFIX_HEADER</key>
				<string>YES</string>
				<key>GCC_PREFIX_HEADER</key>
				<string>GTViewController/GTViewController-Prefix.pch</string>
				<key>HEADER_SEARCH_PATHS</key>
				<array>
					<string>$(inherited)</string>
					<string>/Applications/Xcode.app/Contents/Developer/Toolchains/XcodeDefault.xctoolchain/usr/include</string>
					<string>GTViewController/Headers</string>
				</array>
				<key>INFOPLIST_FILE</key>
				<string>GTViewController/GTViewController-Info.plist</string>
				<key>IPHONEOS_DEPLOYMENT_TARGET</key>
				<string>6.0</string>
				<key>PRODUCT_NAME</key>
				<string>$(TARGET_NAME)</string>
				<key>WRAPPER_EXTENSION</key>
				<string>app</string>
			</dict>
			<key>isa</key>
			<string>XCBuildConfiguration</string>
			<key>name</key>
			<string>Release</string>
		</dict>
		<key>68F1F837190B05ED00044CDF</key>
		<dict>
			<key>buildConfigurations</key>
			<array>
				<string>68F1F838190B05ED00044CDF</string>
				<string>68F1F839190B05ED00044CDF</string>
			</array>
			<key>defaultConfigurationIsVisible</key>
			<string>0</string>
			<key>defaultConfigurationName</key>
			<string>Release</string>
			<key>isa</key>
			<string>XCConfigurationList</string>
		</dict>
		<key>68F1F838190B05ED00044CDF</key>
		<dict>
			<key>baseConfigurationReference</key>
			<string>6AD21ECA752346C48E0136B7</string>
			<key>buildSettings</key>
			<dict>
				<key>BUNDLE_LOADER</key>
				<string>$(BUILT_PRODUCTS_DIR)/GTViewController.app/GTViewController</string>
				<key>FRAMEWORK_SEARCH_PATHS</key>
				<array>
					<string>$(SDKROOT)/Developer/Library/Frameworks</string>
					<string>$(inherited)</string>
					<string>$(DEVELOPER_FRAMEWORKS_DIR)</string>
				</array>
				<key>GCC_PRECOMPILE_PREFIX_HEADER</key>
				<string>YES</string>
				<key>GCC_PREFIX_HEADER</key>
				<string>GTViewController/GTViewController-Prefix.pch</string>
				<key>GCC_PREPROCESSOR_DEFINITIONS</key>
				<array>
					<string>DEBUG=1</string>
					<string>$(inherited)</string>
				</array>
				<key>INFOPLIST_FILE</key>
				<string>GTViewControllerTests/GTViewControllerTests-Info.plist</string>
				<key>PRODUCT_NAME</key>
				<string>$(TARGET_NAME)</string>
				<key>TEST_HOST</key>
				<string>$(BUNDLE_LOADER)</string>
				<key>WRAPPER_EXTENSION</key>
				<string>xctest</string>
			</dict>
			<key>isa</key>
			<string>XCBuildConfiguration</string>
			<key>name</key>
			<string>Debug</string>
		</dict>
		<key>68F1F839190B05ED00044CDF</key>
		<dict>
			<key>baseConfigurationReference</key>
			<string>6AD21ECA752346C48E0136B7</string>
			<key>buildSettings</key>
			<dict>
				<key>BUNDLE_LOADER</key>
				<string>$(BUILT_PRODUCTS_DIR)/GTViewController.app/GTViewController</string>
				<key>FRAMEWORK_SEARCH_PATHS</key>
				<array>
					<string>$(SDKROOT)/Developer/Library/Frameworks</string>
					<string>$(inherited)</string>
					<string>$(DEVELOPER_FRAMEWORKS_DIR)</string>
				</array>
				<key>GCC_PRECOMPILE_PREFIX_HEADER</key>
				<string>YES</string>
				<key>GCC_PREFIX_HEADER</key>
				<string>GTViewController/GTViewController-Prefix.pch</string>
				<key>INFOPLIST_FILE</key>
				<string>GTViewControllerTests/GTViewControllerTests-Info.plist</string>
				<key>PRODUCT_NAME</key>
				<string>$(TARGET_NAME)</string>
				<key>TEST_HOST</key>
				<string>$(BUNDLE_LOADER)</string>
				<key>WRAPPER_EXTENSION</key>
				<string>xctest</string>
			</dict>
			<key>isa</key>
			<string>XCBuildConfiguration</string>
			<key>name</key>
			<string>Release</string>
		</dict>
		<key>68FEC61F192BDD1700FC21F2</key>
		<dict>
			<key>fileEncoding</key>
			<string>4</string>
			<key>isa</key>
			<string>PBXFileReference</string>
			<key>lastKnownFileType</key>
			<string>sourcecode.c.h</string>
			<key>path</key>
			<string>GTShareViewController.h</string>
			<key>sourceTree</key>
			<string>&lt;group&gt;</string>
		</dict>
		<key>68FEC620192BDD1700FC21F2</key>
		<dict>
			<key>fileEncoding</key>
			<string>4</string>
			<key>isa</key>
			<string>PBXFileReference</string>
			<key>lastKnownFileType</key>
			<string>sourcecode.c.objc</string>
			<key>path</key>
			<string>GTShareViewController.m</string>
			<key>sourceTree</key>
			<string>&lt;group&gt;</string>
		</dict>
		<key>68FEC621192BDD1700FC21F2</key>
		<dict>
			<key>fileRef</key>
			<string>68FEC620192BDD1700FC21F2</string>
			<key>isa</key>
			<string>PBXBuildFile</string>
		</dict>
		<key>68FEC622192BDD1700FC21F2</key>
		<dict>
			<key>fileRef</key>
			<string>68FEC620192BDD1700FC21F2</string>
			<key>isa</key>
			<string>PBXBuildFile</string>
		</dict>
		<key>6AD21ECA752346C48E0136B7</key>
		<dict>
			<key>includeInIndex</key>
			<string>1</string>
			<key>isa</key>
			<string>PBXFileReference</string>
			<key>lastKnownFileType</key>
			<string>text.xcconfig</string>
			<key>name</key>
			<string>Pods.xcconfig</string>
			<key>path</key>
			<string>Pods/Pods.xcconfig</string>
			<key>sourceTree</key>
			<string>&lt;group&gt;</string>
		</dict>
		<key>8D064CC1346C4BB291DF596C</key>
		<dict>
			<key>buildActionMask</key>
			<string>2147483647</string>
			<key>files</key>
			<array/>
			<key>inputPaths</key>
			<array/>
			<key>isa</key>
			<string>PBXShellScriptBuildPhase</string>
			<key>name</key>
			<string>Check Pods Manifest.lock</string>
			<key>outputPaths</key>
			<array/>
			<key>runOnlyForDeploymentPostprocessing</key>
			<string>0</string>
			<key>shellPath</key>
			<string>/bin/sh</string>
			<key>shellScript</key>
			<string>diff "${PODS_ROOT}/../Podfile.lock" "${PODS_ROOT}/Manifest.lock" &gt; /dev/null
if [[ $? != 0 ]] ; then
    cat &lt;&lt; EOM
error: The sandbox is not in sync with the Podfile.lock. Run 'pod install' or update your CocoaPods installation.
EOM
    exit 1
fi
</string>
			<key>showEnvVarsInLog</key>
			<string>0</string>
		</dict>
		<key>A5E308CF4C494F118FE05633</key>
		<dict>
			<key>buildActionMask</key>
			<string>2147483647</string>
			<key>files</key>
			<array/>
			<key>inputPaths</key>
			<array/>
			<key>isa</key>
			<string>PBXShellScriptBuildPhase</string>
			<key>name</key>
			<string>Copy Pods Resources</string>
			<key>outputPaths</key>
			<array/>
			<key>runOnlyForDeploymentPostprocessing</key>
			<string>0</string>
			<key>shellPath</key>
			<string>/bin/sh</string>
			<key>shellScript</key>
			<string>"${SRCROOT}/Pods/Pods-resources.sh"
</string>
			<key>showEnvVarsInLog</key>
			<string>0</string>
		</dict>
		<key>F27A2B887A3D4C25BB3F0F6F</key>
		<dict>
			<key>fileRef</key>
			<string>1A44A8CF92AB420FB766F984</string>
			<key>isa</key>
			<string>PBXBuildFile</string>
		</dict>
		<key>F5E0AE34333B4A89A2DE136F</key>
		<dict>
			<key>buildActionMask</key>
			<string>2147483647</string>
			<key>files</key>
			<array/>
			<key>inputPaths</key>
			<array/>
			<key>isa</key>
			<string>PBXShellScriptBuildPhase</string>
			<key>name</key>
			<string>Check Pods Manifest.lock</string>
			<key>outputPaths</key>
			<array/>
			<key>runOnlyForDeploymentPostprocessing</key>
			<string>0</string>
			<key>shellPath</key>
			<string>/bin/sh</string>
			<key>shellScript</key>
			<string>diff "${PODS_ROOT}/../Podfile.lock" "${PODS_ROOT}/Manifest.lock" &gt; /dev/null
if [[ $? != 0 ]] ; then
    cat &lt;&lt; EOM
error: The sandbox is not in sync with the Podfile.lock. Run 'pod install' or update your CocoaPods installation.
EOM
    exit 1
fi
</string>
			<key>showEnvVarsInLog</key>
			<string>0</string>
		</dict>
	</dict>
	<key>rootObject</key>
	<string>68F1F7FA190B05ED00044CDF</string>
</dict>
</plist>
